// !$*UTF8*$!
{
	archiveVersion = 1;
	classes = {
	};
	objectVersion = 55;
	objects = {

/* Begin PBXBuildFile section */
		C101A7B4296D9155004E7E23 /* AppDelegate.swift in Sources */ = {isa = PBXBuildFile; fileRef = C101A7B3296D9155004E7E23 /* AppDelegate.swift */; };
		C101A7B6296D9155004E7E23 /* SceneDelegate.swift in Sources */ = {isa = PBXBuildFile; fileRef = C101A7B5296D9155004E7E23 /* SceneDelegate.swift */; };
		C101A7B8296D9155004E7E23 /* ViewController.swift in Sources */ = {isa = PBXBuildFile; fileRef = C101A7B7296D9155004E7E23 /* ViewController.swift */; };
		C101A7BB296D9155004E7E23 /* Main.storyboard in Resources */ = {isa = PBXBuildFile; fileRef = C101A7B9296D9155004E7E23 /* Main.storyboard */; };
		C101A7BD296D9156004E7E23 /* Assets.xcassets in Resources */ = {isa = PBXBuildFile; fileRef = C101A7BC296D9156004E7E23 /* Assets.xcassets */; };
		C101A7C0296D9156004E7E23 /* LaunchScreen.storyboard in Resources */ = {isa = PBXBuildFile; fileRef = C101A7BE296D9156004E7E23 /* LaunchScreen.storyboard */; };
		C101A7CB296D9156004E7E23 /* Picker_KullanimiTests.swift in Sources */ = {isa = PBXBuildFile; fileRef = C101A7CA296D9156004E7E23 /* Picker_KullanimiTests.swift */; };
		C101A7D5296D9156004E7E23 /* Picker_KullanimiUITests.swift in Sources */ = {isa = PBXBuildFile; fileRef = C101A7D4296D9156004E7E23 /* Picker_KullanimiUITests.swift */; };
		C101A7D7296D9156004E7E23 /* Picker_KullanimiUITestsLaunchTests.swift in Sources */ = {isa = PBXBuildFile; fileRef = C101A7D6296D9156004E7E23 /* Picker_KullanimiUITestsLaunchTests.swift */; };
/* End PBXBuildFile section */

/* Begin PBXContainerItemProxy section */
		C101A7C7296D9156004E7E23 /* PBXContainerItemProxy */ = {
			isa = PBXContainerItemProxy;
			containerPortal = C101A7A8296D9155004E7E23 /* Project object */;
			proxyType = 1;
			remoteGlobalIDString = C101A7AF296D9155004E7E23;
			remoteInfo = "Picker Kullanimi";
		};
		C101A7D1296D9156004E7E23 /* PBXContainerItemProxy */ = {
			isa = PBXContainerItemProxy;
			containerPortal = C101A7A8296D9155004E7E23 /* Project object */;
			proxyType = 1;
			remoteGlobalIDString = C101A7AF296D9155004E7E23;
			remoteInfo = "Picker Kullanimi";
		};
/* End PBXContainerItemProxy section */

/* Begin PBXFileReference section */
		C101A7B0296D9155004E7E23 /* Date and Time Picker Kullanımı.app */ = {isa = PBXFileReference; explicitFileType = wrapper.application; includeInIndex = 0; path = "Date and Time Picker Kullanımı.app"; sourceTree = BUILT_PRODUCTS_DIR; };
		C101A7B3296D9155004E7E23 /* AppDelegate.swift */ = {isa = PBXFileReference; lastKnownFileType = sourcecode.swift; path = AppDelegate.swift; sourceTree = "<group>"; };
		C101A7B5296D9155004E7E23 /* SceneDelegate.swift */ = {isa = PBXFileReference; lastKnownFileType = sourcecode.swift; path = SceneDelegate.swift; sourceTree = "<group>"; };
		C101A7B7296D9155004E7E23 /* ViewController.swift */ = {isa = PBXFileReference; lastKnownFileType = sourcecode.swift; path = ViewController.swift; sourceTree = "<group>"; };
		C101A7BA296D9155004E7E23 /* Base */ = {isa = PBXFileReference; lastKnownFileType = file.storyboard; name = Base; path = Base.lproj/Main.storyboard; sourceTree = "<group>"; };
		C101A7BC296D9156004E7E23 /* Assets.xcassets */ = {isa = PBXFileReference; lastKnownFileType = folder.assetcatalog; path = Assets.xcassets; sourceTree = "<group>"; };
		C101A7BF296D9156004E7E23 /* Base */ = {isa = PBXFileReference; lastKnownFileType = file.storyboard; name = Base; path = Base.lproj/LaunchScreen.storyboard; sourceTree = "<group>"; };
		C101A7C1296D9156004E7E23 /* Info.plist */ = {isa = PBXFileReference; lastKnownFileType = text.plist.xml; path = Info.plist; sourceTree = "<group>"; };
		C101A7C6296D9156004E7E23 /* Date and Time Picker KullanımıTests.xctest */ = {isa = PBXFileReference; explicitFileType = wrapper.cfbundle; includeInIndex = 0; path = "Date and Time Picker KullanımıTests.xctest"; sourceTree = BUILT_PRODUCTS_DIR; };
		C101A7CA296D9156004E7E23 /* Picker_KullanimiTests.swift */ = {isa = PBXFileReference; lastKnownFileType = sourcecode.swift; path = Picker_KullanimiTests.swift; sourceTree = "<group>"; };
		C101A7D0296D9156004E7E23 /* Date and Time Picker KullanımıUITests.xctest */ = {isa = PBXFileReference; explicitFileType = wrapper.cfbundle; includeInIndex = 0; path = "Date and Time Picker KullanımıUITests.xctest"; sourceTree = BUILT_PRODUCTS_DIR; };
		C101A7D4296D9156004E7E23 /* Picker_KullanimiUITests.swift */ = {isa = PBXFileReference; lastKnownFileType = sourcecode.swift; path = Picker_KullanimiUITests.swift; sourceTree = "<group>"; };
		C101A7D6296D9156004E7E23 /* Picker_KullanimiUITestsLaunchTests.swift */ = {isa = PBXFileReference; lastKnownFileType = sourcecode.swift; path = Picker_KullanimiUITestsLaunchTests.swift; sourceTree = "<group>"; };
/* End PBXFileReference section */

/* Begin PBXFrameworksBuildPhase section */
		C101A7AD296D9155004E7E23 /* Frameworks */ = {
			isa = PBXFrameworksBuildPhase;
			buildActionMask = 2147483647;
			files = (
			);
			runOnlyForDeploymentPostprocessing = 0;
		};
		C101A7C3296D9156004E7E23 /* Frameworks */ = {
			isa = PBXFrameworksBuildPhase;
			buildActionMask = 2147483647;
			files = (
			);
			runOnlyForDeploymentPostprocessing = 0;
		};
		C101A7CD296D9156004E7E23 /* Frameworks */ = {
			isa = PBXFrameworksBuildPhase;
			buildActionMask = 2147483647;
			files = (
			);
			runOnlyForDeploymentPostprocessing = 0;
		};
/* End PBXFrameworksBuildPhase section */

/* Begin PBXGroup section */
		C101A7A7296D9155004E7E23 = {
			isa = PBXGroup;
			children = (
				C101A7B2296D9155004E7E23 /* Date and Time Picker Kullanimi */,
				C101A7C9296D9156004E7E23 /* Date and Time Picker KullanimiTests */,
				C101A7D3296D9156004E7E23 /* Date and Time Picker KullanimiUITests */,
				C101A7B1296D9155004E7E23 /* Products */,
			);
			sourceTree = "<group>";
		};
		C101A7B1296D9155004E7E23 /* Products */ = {
			isa = PBXGroup;
			children = (
				C101A7B0296D9155004E7E23 /* Date and Time Picker Kullanımı.app */,
				C101A7C6296D9156004E7E23 /* Date and Time Picker KullanımıTests.xctest */,
				C101A7D0296D9156004E7E23 /* Date and Time Picker KullanımıUITests.xctest */,
			);
			name = Products;
			sourceTree = "<group>";
		};
		C101A7B2296D9155004E7E23 /* Date and Time Picker Kullanimi */ = {
			isa = PBXGroup;
			children = (
				C101A7B3296D9155004E7E23 /* AppDelegate.swift */,
				C101A7B5296D9155004E7E23 /* SceneDelegate.swift */,
				C101A7B7296D9155004E7E23 /* ViewController.swift */,
				C101A7B9296D9155004E7E23 /* Main.storyboard */,
				C101A7BC296D9156004E7E23 /* Assets.xcassets */,
				C101A7BE296D9156004E7E23 /* LaunchScreen.storyboard */,
				C101A7C1296D9156004E7E23 /* Info.plist */,
			);
			path = "Date and Time Picker Kullanimi";
			sourceTree = "<group>";
		};
		C101A7C9296D9156004E7E23 /* Date and Time Picker KullanimiTests */ = {
			isa = PBXGroup;
			children = (
				C101A7CA296D9156004E7E23 /* Picker_KullanimiTests.swift */,
			);
			path = "Date and Time Picker KullanimiTests";
			sourceTree = "<group>";
		};
		C101A7D3296D9156004E7E23 /* Date and Time Picker KullanimiUITests */ = {
			isa = PBXGroup;
			children = (
				C101A7D4296D9156004E7E23 /* Picker_KullanimiUITests.swift */,
				C101A7D6296D9156004E7E23 /* Picker_KullanimiUITestsLaunchTests.swift */,
			);
			path = "Date and Time Picker KullanimiUITests";
			sourceTree = "<group>";
		};
/* End PBXGroup section */

/* Begin PBXNativeTarget section */
		C101A7AF296D9155004E7E23 /* Date and Time Picker Kullanımı */ = {
			isa = PBXNativeTarget;
			buildConfigurationList = C101A7DA296D9156004E7E23 /* Build configuration list for PBXNativeTarget "Date and Time Picker Kullanımı" */;
			buildPhases = (
				C101A7AC296D9155004E7E23 /* Sources */,
				C101A7AD296D9155004E7E23 /* Frameworks */,
				C101A7AE296D9155004E7E23 /* Resources */,
			);
			buildRules = (
			);
			dependencies = (
			);
			name = "Date and Time Picker Kullanımı";
			productName = "Picker Kullanimi";
			productReference = C101A7B0296D9155004E7E23 /* Date and Time Picker Kullanımı.app */;
			productType = "com.apple.product-type.application";
		};
		C101A7C5296D9156004E7E23 /* Date and Time Picker KullanımıTests */ = {
			isa = PBXNativeTarget;
			buildConfigurationList = C101A7DD296D9156004E7E23 /* Build configuration list for PBXNativeTarget "Date and Time Picker KullanımıTests" */;
			buildPhases = (
				C101A7C2296D9156004E7E23 /* Sources */,
				C101A7C3296D9156004E7E23 /* Frameworks */,
				C101A7C4296D9156004E7E23 /* Resources */,
			);
			buildRules = (
			);
			dependencies = (
				C101A7C8296D9156004E7E23 /* PBXTargetDependency */,
			);
			name = "Date and Time Picker KullanımıTests";
			productName = "Picker KullanimiTests";
			productReference = C101A7C6296D9156004E7E23 /* Date and Time Picker KullanımıTests.xctest */;
			productType = "com.apple.product-type.bundle.unit-test";
		};
		C101A7CF296D9156004E7E23 /* Date and Time Picker KullanımıUITests */ = {
			isa = PBXNativeTarget;
			buildConfigurationList = C101A7E0296D9156004E7E23 /* Build configuration list for PBXNativeTarget "Date and Time Picker KullanımıUITests" */;
			buildPhases = (
				C101A7CC296D9156004E7E23 /* Sources */,
				C101A7CD296D9156004E7E23 /* Frameworks */,
				C101A7CE296D9156004E7E23 /* Resources */,
			);
			buildRules = (
			);
			dependencies = (
				C101A7D2296D9156004E7E23 /* PBXTargetDependency */,
			);
			name = "Date and Time Picker KullanımıUITests";
			productName = "Picker KullanimiUITests";
			productReference = C101A7D0296D9156004E7E23 /* Date and Time Picker KullanımıUITests.xctest */;
			productType = "com.apple.product-type.bundle.ui-testing";
		};
/* End PBXNativeTarget section */

/* Begin PBXProject section */
		C101A7A8296D9155004E7E23 /* Project object */ = {
			isa = PBXProject;
			attributes = {
				BuildIndependentTargetsInParallel = 1;
				LastSwiftUpdateCheck = 1340;
				LastUpgradeCheck = 1340;
				TargetAttributes = {
					C101A7AF296D9155004E7E23 = {
						CreatedOnToolsVersion = 13.4.1;
					};
					C101A7C5296D9156004E7E23 = {
						CreatedOnToolsVersion = 13.4.1;
						TestTargetID = C101A7AF296D9155004E7E23;
					};
					C101A7CF296D9156004E7E23 = {
						CreatedOnToolsVersion = 13.4.1;
						TestTargetID = C101A7AF296D9155004E7E23;
					};
				};
			};
			buildConfigurationList = C101A7AB296D9155004E7E23 /* Build configuration list for PBXProject "Date and Time Picker Kullanımı" */;
			compatibilityVersion = "Xcode 13.0";
			developmentRegion = en;
			hasScannedForEncodings = 0;
			knownRegions = (
				en,
				Base,
			);
			mainGroup = C101A7A7296D9155004E7E23;
			productRefGroup = C101A7B1296D9155004E7E23 /* Products */;
			projectDirPath = "";
			projectRoot = "";
			targets = (
				C101A7AF296D9155004E7E23 /* Date and Time Picker Kullanımı */,
				C101A7C5296D9156004E7E23 /* Date and Time Picker KullanımıTests */,
				C101A7CF296D9156004E7E23 /* Date and Time Picker KullanımıUITests */,
			);
		};
/* End PBXProject section */

/* Begin PBXResourcesBuildPhase section */
		C101A7AE296D9155004E7E23 /* Resources */ = {
			isa = PBXResourcesBuildPhase;
			buildActionMask = 2147483647;
			files = (
				C101A7C0296D9156004E7E23 /* LaunchScreen.storyboard in Resources */,
				C101A7BD296D9156004E7E23 /* Assets.xcassets in Resources */,
				C101A7BB296D9155004E7E23 /* Main.storyboard in Resources */,
			);
			runOnlyForDeploymentPostprocessing = 0;
		};
		C101A7C4296D9156004E7E23 /* Resources */ = {
			isa = PBXResourcesBuildPhase;
			buildActionMask = 2147483647;
			files = (
			);
			runOnlyForDeploymentPostprocessing = 0;
		};
		C101A7CE296D9156004E7E23 /* Resources */ = {
			isa = PBXResourcesBuildPhase;
			buildActionMask = 2147483647;
			files = (
			);
			runOnlyForDeploymentPostprocessing = 0;
		};
/* End PBXResourcesBuildPhase section */

/* Begin PBXSourcesBuildPhase section */
		C101A7AC296D9155004E7E23 /* Sources */ = {
			isa = PBXSourcesBuildPhase;
			buildActionMask = 2147483647;
			files = (
				C101A7B8296D9155004E7E23 /* ViewController.swift in Sources */,
				C101A7B4296D9155004E7E23 /* AppDelegate.swift in Sources */,
				C101A7B6296D9155004E7E23 /* SceneDelegate.swift in Sources */,
			);
			runOnlyForDeploymentPostprocessing = 0;
		};
		C101A7C2296D9156004E7E23 /* Sources */ = {
			isa = PBXSourcesBuildPhase;
			buildActionMask = 2147483647;
			files = (
				C101A7CB296D9156004E7E23 /* Picker_KullanimiTests.swift in Sources */,
			);
			runOnlyForDeploymentPostprocessing = 0;
		};
		C101A7CC296D9156004E7E23 /* Sources */ = {
			isa = PBXSourcesBuildPhase;
			buildActionMask = 2147483647;
			files = (
				C101A7D5296D9156004E7E23 /* Picker_KullanimiUITests.swift in Sources */,
				C101A7D7296D9156004E7E23 /* Picker_KullanimiUITestsLaunchTests.swift in Sources */,
			);
			runOnlyForDeploymentPostprocessing = 0;
		};
/* End PBXSourcesBuildPhase section */

/* Begin PBXTargetDependency section */
		C101A7C8296D9156004E7E23 /* PBXTargetDependency */ = {
			isa = PBXTargetDependency;
			target = C101A7AF296D9155004E7E23 /* Date and Time Picker Kullanımı */;
			targetProxy = C101A7C7296D9156004E7E23 /* PBXContainerItemProxy */;
		};
		C101A7D2296D9156004E7E23 /* PBXTargetDependency */ = {
			isa = PBXTargetDependency;
			target = C101A7AF296D9155004E7E23 /* Date and Time Picker Kullanımı */;
			targetProxy = C101A7D1296D9156004E7E23 /* PBXContainerItemProxy */;
		};
/* End PBXTargetDependency section */

/* Begin PBXVariantGroup section */
		C101A7B9296D9155004E7E23 /* Main.storyboard */ = {
			isa = PBXVariantGroup;
			children = (
				C101A7BA296D9155004E7E23 /* Base */,
			);
			name = Main.storyboard;
			sourceTree = "<group>";
		};
		C101A7BE296D9156004E7E23 /* LaunchScreen.storyboard */ = {
			isa = PBXVariantGroup;
			children = (
				C101A7BF296D9156004E7E23 /* Base */,
			);
			name = LaunchScreen.storyboard;
			sourceTree = "<group>";
		};
/* End PBXVariantGroup section */

/* Begin XCBuildConfiguration section */
		C101A7D8296D9156004E7E23 /* Debug */ = {
			isa = XCBuildConfiguration;
			buildSettings = {
				ALWAYS_SEARCH_USER_PATHS = NO;
				CLANG_ANALYZER_NONNULL = YES;
				CLANG_ANALYZER_NUMBER_OBJECT_CONVERSION = YES_AGGRESSIVE;
				CLANG_CXX_LANGUAGE_STANDARD = "gnu++17";
				CLANG_ENABLE_MODULES = YES;
				CLANG_ENABLE_OBJC_ARC = YES;
				CLANG_ENABLE_OBJC_WEAK = YES;
				CLANG_WARN_BLOCK_CAPTURE_AUTORELEASING = YES;
				CLANG_WARN_BOOL_CONVERSION = YES;
				CLANG_WARN_COMMA = YES;
				CLANG_WARN_CONSTANT_CONVERSION = YES;
				CLANG_WARN_DEPRECATED_OBJC_IMPLEMENTATIONS = YES;
				CLANG_WARN_DIRECT_OBJC_ISA_USAGE = YES_ERROR;
				CLANG_WARN_DOCUMENTATION_COMMENTS = YES;
				CLANG_WARN_EMPTY_BODY = YES;
				CLANG_WARN_ENUM_CONVERSION = YES;
				CLANG_WARN_INFINITE_RECURSION = YES;
				CLANG_WARN_INT_CONVERSION = YES;
				CLANG_WARN_NON_LITERAL_NULL_CONVERSION = YES;
				CLANG_WARN_OBJC_IMPLICIT_RETAIN_SELF = YES;
				CLANG_WARN_OBJC_LITERAL_CONVERSION = YES;
				CLANG_WARN_OBJC_ROOT_CLASS = YES_ERROR;
				CLANG_WARN_QUOTED_INCLUDE_IN_FRAMEWORK_HEADER = YES;
				CLANG_WARN_RANGE_LOOP_ANALYSIS = YES;
				CLANG_WARN_STRICT_PROTOTYPES = YES;
				CLANG_WARN_SUSPICIOUS_MOVE = YES;
				CLANG_WARN_UNGUARDED_AVAILABILITY = YES_AGGRESSIVE;
				CLANG_WARN_UNREACHABLE_CODE = YES;
				CLANG_WARN__DUPLICATE_METHOD_MATCH = YES;
				COPY_PHASE_STRIP = NO;
				DEBUG_INFORMATION_FORMAT = dwarf;
				ENABLE_STRICT_OBJC_MSGSEND = YES;
				ENABLE_TESTABILITY = YES;
				GCC_C_LANGUAGE_STANDARD = gnu11;
				GCC_DYNAMIC_NO_PIC = NO;
				GCC_NO_COMMON_BLOCKS = YES;
				GCC_OPTIMIZATION_LEVEL = 0;
				GCC_PREPROCESSOR_DEFINITIONS = (
					"DEBUG=1",
					"$(inherited)",
				);
				GCC_WARN_64_TO_32_BIT_CONVERSION = YES;
				GCC_WARN_ABOUT_RETURN_TYPE = YES_ERROR;
				GCC_WARN_UNDECLARED_SELECTOR = YES;
				GCC_WARN_UNINITIALIZED_AUTOS = YES_AGGRESSIVE;
				GCC_WARN_UNUSED_FUNCTION = YES;
				GCC_WARN_UNUSED_VARIABLE = YES;
				IPHONEOS_DEPLOYMENT_TARGET = 15.5;
				MTL_ENABLE_DEBUG_INFO = INCLUDE_SOURCE;
				MTL_FAST_MATH = YES;
				ONLY_ACTIVE_ARCH = YES;
				SDKROOT = iphoneos;
				SWIFT_ACTIVE_COMPILATION_CONDITIONS = DEBUG;
				SWIFT_OPTIMIZATION_LEVEL = "-Onone";
			};
			name = Debug;
		};
		C101A7D9296D9156004E7E23 /* Release */ = {
			isa = XCBuildConfiguration;
			buildSettings = {
				ALWAYS_SEARCH_USER_PATHS = NO;
				CLANG_ANALYZER_NONNULL = YES;
				CLANG_ANALYZER_NUMBER_OBJECT_CONVERSION = YES_AGGRESSIVE;
				CLANG_CXX_LANGUAGE_STANDARD = "gnu++17";
				CLANG_ENABLE_MODULES = YES;
				CLANG_ENABLE_OBJC_ARC = YES;
				CLANG_ENABLE_OBJC_WEAK = YES;
				CLANG_WARN_BLOCK_CAPTURE_AUTORELEASING = YES;
				CLANG_WARN_BOOL_CONVERSION = YES;
				CLANG_WARN_COMMA = YES;
				CLANG_WARN_CONSTANT_CONVERSION = YES;
				CLANG_WARN_DEPRECATED_OBJC_IMPLEMENTATIONS = YES;
				CLANG_WARN_DIRECT_OBJC_ISA_USAGE = YES_ERROR;
				CLANG_WARN_DOCUMENTATION_COMMENTS = YES;
				CLANG_WARN_EMPTY_BODY = YES;
				CLANG_WARN_ENUM_CONVERSION = YES;
				CLANG_WARN_INFINITE_RECURSION = YES;
				CLANG_WARN_INT_CONVERSION = YES;
				CLANG_WARN_NON_LITERAL_NULL_CONVERSION = YES;
				CLANG_WARN_OBJC_IMPLICIT_RETAIN_SELF = YES;
				CLANG_WARN_OBJC_LITERAL_CONVERSION = YES;
				CLANG_WARN_OBJC_ROOT_CLASS = YES_ERROR;
				CLANG_WARN_QUOTED_INCLUDE_IN_FRAMEWORK_HEADER = YES;
				CLANG_WARN_RANGE_LOOP_ANALYSIS = YES;
				CLANG_WARN_STRICT_PROTOTYPES = YES;
				CLANG_WARN_SUSPICIOUS_MOVE = YES;
				CLANG_WARN_UNGUARDED_AVAILABILITY = YES_AGGRESSIVE;
				CLANG_WARN_UNREACHABLE_CODE = YES;
				CLANG_WARN__DUPLICATE_METHOD_MATCH = YES;
				COPY_PHASE_STRIP = NO;
				DEBUG_INFORMATION_FORMAT = "dwarf-with-dsym";
				ENABLE_NS_ASSERTIONS = NO;
				ENABLE_STRICT_OBJC_MSGSEND = YES;
				GCC_C_LANGUAGE_STANDARD = gnu11;
				GCC_NO_COMMON_BLOCKS = YES;
				GCC_WARN_64_TO_32_BIT_CONVERSION = YES;
				GCC_WARN_ABOUT_RETURN_TYPE = YES_ERROR;
				GCC_WARN_UNDECLARED_SELECTOR = YES;
				GCC_WARN_UNINITIALIZED_AUTOS = YES_AGGRESSIVE;
				GCC_WARN_UNUSED_FUNCTION = YES;
				GCC_WARN_UNUSED_VARIABLE = YES;
				IPHONEOS_DEPLOYMENT_TARGET = 15.5;
				MTL_ENABLE_DEBUG_INFO = NO;
				MTL_FAST_MATH = YES;
				SDKROOT = iphoneos;
				SWIFT_COMPILATION_MODE = wholemodule;
				SWIFT_OPTIMIZATION_LEVEL = "-O";
				VALIDATE_PRODUCT = YES;
			};
			name = Release;
		};
		C101A7DB296D9156004E7E23 /* Debug */ = {
			isa = XCBuildConfiguration;
			buildSettings = {
				ASSETCATALOG_COMPILER_APPICON_NAME = AppIcon;
				ASSETCATALOG_COMPILER_GLOBAL_ACCENT_COLOR_NAME = AccentColor;
				CODE_SIGN_STYLE = Automatic;
				CURRENT_PROJECT_VERSION = 1;
				DEVELOPMENT_TEAM = Q46P73G22N;
				GENERATE_INFOPLIST_FILE = YES;
				INFOPLIST_FILE = "Picker Kullanimi/Info.plist";
				INFOPLIST_KEY_UIApplicationSupportsIndirectInputEvents = YES;
				INFOPLIST_KEY_UILaunchStoryboardName = LaunchScreen;
				INFOPLIST_KEY_UIMainStoryboardFile = Main;
				INFOPLIST_KEY_UISupportedInterfaceOrientations_iPad = "UIInterfaceOrientationPortrait UIInterfaceOrientationPortraitUpsideDown UIInterfaceOrientationLandscapeLeft UIInterfaceOrientationLandscapeRight";
				INFOPLIST_KEY_UISupportedInterfaceOrientations_iPhone = "UIInterfaceOrientationPortrait UIInterfaceOrientationLandscapeLeft UIInterfaceOrientationLandscapeRight";
				LD_RUNPATH_SEARCH_PATHS = (
					"$(inherited)",
					"@executable_path/Frameworks",
				);
				MARKETING_VERSION = 1.0;
				PRODUCT_BUNDLE_IDENTIFIER = "ademkoyan.Picker-Kullanimi";
				PRODUCT_NAME = "$(TARGET_NAME)";
				SWIFT_EMIT_LOC_STRINGS = YES;
				SWIFT_VERSION = 5.0;
				TARGETED_DEVICE_FAMILY = "1,2";
			};
			name = Debug;
		};
		C101A7DC296D9156004E7E23 /* Release */ = {
			isa = XCBuildConfiguration;
			buildSettings = {
				ASSETCATALOG_COMPILER_APPICON_NAME = AppIcon;
				ASSETCATALOG_COMPILER_GLOBAL_ACCENT_COLOR_NAME = AccentColor;
				CODE_SIGN_STYLE = Automatic;
				CURRENT_PROJECT_VERSION = 1;
				DEVELOPMENT_TEAM = Q46P73G22N;
				GENERATE_INFOPLIST_FILE = YES;
				INFOPLIST_FILE = "Picker Kullanimi/Info.plist";
				INFOPLIST_KEY_UIApplicationSupportsIndirectInputEvents = YES;
				INFOPLIST_KEY_UILaunchStoryboardName = LaunchScreen;
				INFOPLIST_KEY_UIMainStoryboardFile = Main;
				INFOPLIST_KEY_UISupportedInterfaceOrientations_iPad = "UIInterfaceOrientationPortrait UIInterfaceOrientationPortraitUpsideDown UIInterfaceOrientationLandscapeLeft UIInterfaceOrientationLandscapeRight";
				INFOPLIST_KEY_UISupportedInterfaceOrientations_iPhone = "UIInterfaceOrientationPortrait UIInterfaceOrientationLandscapeLeft UIInterfaceOrientationLandscapeRight";
				LD_RUNPATH_SEARCH_PATHS = (
					"$(inherited)",
					"@executable_path/Frameworks",
				);
				MARKETING_VERSION = 1.0;
				PRODUCT_BUNDLE_IDENTIFIER = "ademkoyan.Picker-Kullanimi";
				PRODUCT_NAME = "$(TARGET_NAME)";
				SWIFT_EMIT_LOC_STRINGS = YES;
				SWIFT_VERSION = 5.0;
				TARGETED_DEVICE_FAMILY = "1,2";
			};
			name = Release;
		};
		C101A7DE296D9156004E7E23 /* Debug */ = {
			isa = XCBuildConfiguration;
			buildSettings = {
				ALWAYS_EMBED_SWIFT_STANDARD_LIBRARIES = YES;
				BUNDLE_LOADER = "$(TEST_HOST)";
				CODE_SIGN_STYLE = Automatic;
				CURRENT_PROJECT_VERSION = 1;
				DEVELOPMENT_TEAM = Q46P73G22N;
				GENERATE_INFOPLIST_FILE = YES;
				IPHONEOS_DEPLOYMENT_TARGET = 15.5;
				MARKETING_VERSION = 1.0;
				PRODUCT_BUNDLE_IDENTIFIER = "ademkoyan.Picker-KullanimiTests";
				PRODUCT_NAME = "$(TARGET_NAME)";
				SWIFT_EMIT_LOC_STRINGS = NO;
				SWIFT_VERSION = 5.0;
				TARGETED_DEVICE_FAMILY = "1,2";
				TEST_HOST = "$(BUILT_PRODUCTS_DIR)/Date and Time Picker Kullanımı.app/Date and Time Picker Kullanımı";
			};
			name = Debug;
		};
		C101A7DF296D9156004E7E23 /* Release */ = {
			isa = XCBuildConfiguration;
			buildSettings = {
				ALWAYS_EMBED_SWIFT_STANDARD_LIBRARIES = YES;
				BUNDLE_LOADER = "$(TEST_HOST)";
				CODE_SIGN_STYLE = Automatic;
				CURRENT_PROJECT_VERSION = 1;
				DEVELOPMENT_TEAM = Q46P73G22N;
				GENERATE_INFOPLIST_FILE = YES;
				IPHONEOS_DEPLOYMENT_TARGET = 15.5;
				MARKETING_VERSION = 1.0;
				PRODUCT_BUNDLE_IDENTIFIER = "ademkoyan.Picker-KullanimiTests";
				PRODUCT_NAME = "$(TARGET_NAME)";
				SWIFT_EMIT_LOC_STRINGS = NO;
				SWIFT_VERSION = 5.0;
				TARGETED_DEVICE_FAMILY = "1,2";
				TEST_HOST = "$(BUILT_PRODUCTS_DIR)/Date and Time Picker Kullanımı.app/Date and Time Picker Kullanımı";
			};
			name = Release;
		};
		C101A7E1296D9156004E7E23 /* Debug */ = {
			isa = XCBuildConfiguration;
			buildSettings = {
				ALWAYS_EMBED_SWIFT_STANDARD_LIBRARIES = YES;
				CODE_SIGN_STYLE = Automatic;
				CURRENT_PROJECT_VERSION = 1;
				DEVELOPMENT_TEAM = Q46P73G22N;
				GENERATE_INFOPLIST_FILE = YES;
				MARKETING_VERSION = 1.0;
				PRODUCT_BUNDLE_IDENTIFIER = "ademkoyan.Picker-KullanimiUITests";
				PRODUCT_NAME = "$(TARGET_NAME)";
				SWIFT_EMIT_LOC_STRINGS = NO;
				SWIFT_VERSION = 5.0;
				TARGETED_DEVICE_FAMILY = "1,2";
				TEST_TARGET_NAME = "Picker Kullanimi";
			};
			name = Debug;
		};
		C101A7E2296D9156004E7E23 /* Release */ = {
			isa = XCBuildConfiguration;
			buildSettings = {
				ALWAYS_EMBED_SWIFT_STANDARD_LIBRARIES = YES;
				CODE_SIGN_STYLE = Automatic;
				CURRENT_PROJECT_VERSION = 1;
				DEVELOPMENT_TEAM = Q46P73G22N;
				GENERATE_INFOPLIST_FILE = YES;
				MARKETING_VERSION = 1.0;
				PRODUCT_BUNDLE_IDENTIFIER = "ademkoyan.Picker-KullanimiUITests";
				PRODUCT_NAME = "$(TARGET_NAME)";
				SWIFT_EMIT_LOC_STRINGS = NO;
				SWIFT_VERSION = 5.0;
				TARGETED_DEVICE_FAMILY = "1,2";
				TEST_TARGET_NAME = "Picker Kullanimi";
			};
			name = Release;
		};
/* End XCBuildConfiguration section */

/* Begin XCConfigurationList section */
		C101A7AB296D9155004E7E23 /* Build configuration list for PBXProject "Date and Time Picker Kullanımı" */ = {
			isa = XCConfigurationList;
			buildConfigurations = (
				C101A7D8296D9156004E7E23 /* Debug */,
				C101A7D9296D9156004E7E23 /* Release */,
			);
			defaultConfigurationIsVisible = 0;
			defaultConfigurationName = Release;
		};
		C101A7DA296D9156004E7E23 /* Build configuration list for PBXNativeTarget "Date and Time Picker Kullanımı" */ = {
			isa = XCConfigurationList;
			buildConfigurations = (
				C101A7DB296D9156004E7E23 /* Debug */,
				C101A7DC296D9156004E7E23 /* Release */,
			);
			defaultConfigurationIsVisible = 0;
			defaultConfigurationName = Release;
		};
		C101A7DD296D9156004E7E23 /* Build configuration list for PBXNativeTarget "Date and Time Picker KullanımıTests" */ = {
			isa = XCConfigurationList;
			buildConfigurations = (
				C101A7DE296D9156004E7E23 /* Debug */,
				C101A7DF296D9156004E7E23 /* Release */,
			);
			defaultConfigurationIsVisible = 0;
			defaultConfigurationName = Release;
		};
		C101A7E0296D9156004E7E23 /* Build configuration list for PBXNativeTarget "Date and Time Picker KullanımıUITests" */ = {
			isa = XCConfigurationList;
			buildConfigurations = (
				C101A7E1296D9156004E7E23 /* Debug */,
				C101A7E2296D9156004E7E23 /* Release */,
			);
			defaultConfigurationIsVisible = 0;
			defaultConfigurationName = Release;
		};
/* End XCConfigurationList section */
	};
	rootObject = C101A7A8296D9155004E7E23 /* Project object */;
}
