// !$*UTF8*$!
{
	archiveVersion = 1;
	classes = {
	};
	objectVersion = 55;
	objects = {

/* Begin PBXBuildFile section */
		C12635FA296D85920065FA14 /* AppDelegate.swift in Sources */ = {isa = PBXBuildFile; fileRef = C12635F9296D85920065FA14 /* AppDelegate.swift */; };
		C12635FC296D85920065FA14 /* SceneDelegate.swift in Sources */ = {isa = PBXBuildFile; fileRef = C12635FB296D85920065FA14 /* SceneDelegate.swift */; };
		C12635FE296D85920065FA14 /* ViewController.swift in Sources */ = {isa = PBXBuildFile; fileRef = C12635FD296D85920065FA14 /* ViewController.swift */; };
		C1263601296D85920065FA14 /* Main.storyboard in Resources */ = {isa = PBXBuildFile; fileRef = C12635FF296D85920065FA14 /* Main.storyboard */; };
		C1263603296D85940065FA14 /* Assets.xcassets in Resources */ = {isa = PBXBuildFile; fileRef = C1263602296D85940065FA14 /* Assets.xcassets */; };
		C1263606296D85940065FA14 /* LaunchScreen.storyboard in Resources */ = {isa = PBXBuildFile; fileRef = C1263604296D85940065FA14 /* LaunchScreen.storyboard */; };
		C1263611296D85940065FA14 /* PickerUsesTests.swift in Sources */ = {isa = PBXBuildFile; fileRef = C1263610296D85940065FA14 /* PickerUsesTests.swift */; };
		C126361B296D85940065FA14 /* PickerUsesUITests.swift in Sources */ = {isa = PBXBuildFile; fileRef = C126361A296D85940065FA14 /* PickerUsesUITests.swift */; };
		C126361D296D85940065FA14 /* PickerUsesUITestsLaunchTests.swift in Sources */ = {isa = PBXBuildFile; fileRef = C126361C296D85940065FA14 /* PickerUsesUITestsLaunchTests.swift */; };
/* End PBXBuildFile section */

/* Begin PBXContainerItemProxy section */
		C126360D296D85940065FA14 /* PBXContainerItemProxy */ = {
			isa = PBXContainerItemProxy;
			containerPortal = C12635EE296D85920065FA14 /* Project object */;
			proxyType = 1;
			remoteGlobalIDString = C12635F5296D85920065FA14;
			remoteInfo = PickerUses;
		};
		C1263617296D85940065FA14 /* PBXContainerItemProxy */ = {
			isa = PBXContainerItemProxy;
			containerPortal = C12635EE296D85920065FA14 /* Project object */;
			proxyType = 1;
			remoteGlobalIDString = C12635F5296D85920065FA14;
			remoteInfo = PickerUses;
		};
/* End PBXContainerItemProxy section */

/* Begin PBXFileReference section */
		C12635F6296D85920065FA14 /* PickerUses.app */ = {isa = PBXFileReference; explicitFileType = wrapper.application; includeInIndex = 0; path = PickerUses.app; sourceTree = BUILT_PRODUCTS_DIR; };
		C12635F9296D85920065FA14 /* AppDelegate.swift */ = {isa = PBXFileReference; lastKnownFileType = sourcecode.swift; path = AppDelegate.swift; sourceTree = "<group>"; };
		C12635FB296D85920065FA14 /* SceneDelegate.swift */ = {isa = PBXFileReference; lastKnownFileType = sourcecode.swift; path = SceneDelegate.swift; sourceTree = "<group>"; };
		C12635FD296D85920065FA14 /* ViewController.swift */ = {isa = PBXFileReference; lastKnownFileType = sourcecode.swift; path = ViewController.swift; sourceTree = "<group>"; };
		C1263600296D85920065FA14 /* Base */ = {isa = PBXFileReference; lastKnownFileType = file.storyboard; name = Base; path = Base.lproj/Main.storyboard; sourceTree = "<group>"; };
		C1263602296D85940065FA14 /* Assets.xcassets */ = {isa = PBXFileReference; lastKnownFileType = folder.assetcatalog; path = Assets.xcassets; sourceTree = "<group>"; };
		C1263605296D85940065FA14 /* Base */ = {isa = PBXFileReference; lastKnownFileType = file.storyboard; name = Base; path = Base.lproj/LaunchScreen.storyboard; sourceTree = "<group>"; };
		C1263607296D85940065FA14 /* Info.plist */ = {isa = PBXFileReference; lastKnownFileType = text.plist.xml; path = Info.plist; sourceTree = "<group>"; };
		C126360C296D85940065FA14 /* PickerUsesTests.xctest */ = {isa = PBXFileReference; explicitFileType = wrapper.cfbundle; includeInIndex = 0; path = PickerUsesTests.xctest; sourceTree = BUILT_PRODUCTS_DIR; };
		C1263610296D85940065FA14 /* PickerUsesTests.swift */ = {isa = PBXFileReference; lastKnownFileType = sourcecode.swift; path = PickerUsesTests.swift; sourceTree = "<group>"; };
		C1263616296D85940065FA14 /* PickerUsesUITests.xctest */ = {isa = PBXFileReference; explicitFileType = wrapper.cfbundle; includeInIndex = 0; path = PickerUsesUITests.xctest; sourceTree = BUILT_PRODUCTS_DIR; };
		C126361A296D85940065FA14 /* PickerUsesUITests.swift */ = {isa = PBXFileReference; lastKnownFileType = sourcecode.swift; path = PickerUsesUITests.swift; sourceTree = "<group>"; };
		C126361C296D85940065FA14 /* PickerUsesUITestsLaunchTests.swift */ = {isa = PBXFileReference; lastKnownFileType = sourcecode.swift; path = PickerUsesUITestsLaunchTests.swift; sourceTree = "<group>"; };
/* End PBXFileReference section */

/* Begin PBXFrameworksBuildPhase section */
		C12635F3296D85920065FA14 /* Frameworks */ = {
			isa = PBXFrameworksBuildPhase;
			buildActionMask = 2147483647;
			files = (
			);
			runOnlyForDeploymentPostprocessing = 0;
		};
		C1263609296D85940065FA14 /* Frameworks */ = {
			isa = PBXFrameworksBuildPhase;
			buildActionMask = 2147483647;
			files = (
			);
			runOnlyForDeploymentPostprocessing = 0;
		};
		C1263613296D85940065FA14 /* Frameworks */ = {
			isa = PBXFrameworksBuildPhase;
			buildActionMask = 2147483647;
			files = (
			);
			runOnlyForDeploymentPostprocessing = 0;
		};
/* End PBXFrameworksBuildPhase section */

/* Begin PBXGroup section */
		C12635ED296D85920065FA14 = {
			isa = PBXGroup;
			children = (
				C12635F8296D85920065FA14 /* PickerUses */,
				C126360F296D85940065FA14 /* PickerUsesTests */,
				C1263619296D85940065FA14 /* PickerUsesUITests */,
				C12635F7296D85920065FA14 /* Products */,
			);
			sourceTree = "<group>";
		};
		C12635F7296D85920065FA14 /* Products */ = {
			isa = PBXGroup;
			children = (
				C12635F6296D85920065FA14 /* PickerUses.app */,
				C126360C296D85940065FA14 /* PickerUsesTests.xctest */,
				C1263616296D85940065FA14 /* PickerUsesUITests.xctest */,
			);
			name = Products;
			sourceTree = "<group>";
		};
		C12635F8296D85920065FA14 /* PickerUses */ = {
			isa = PBXGroup;
			children = (
				C12635F9296D85920065FA14 /* AppDelegate.swift */,
				C12635FB296D85920065FA14 /* SceneDelegate.swift */,
				C12635FD296D85920065FA14 /* ViewController.swift */,
				C12635FF296D85920065FA14 /* Main.storyboard */,
				C1263602296D85940065FA14 /* Assets.xcassets */,
				C1263604296D85940065FA14 /* LaunchScreen.storyboard */,
				C1263607296D85940065FA14 /* Info.plist */,
			);
			path = PickerUses;
			sourceTree = "<group>";
		};
		C126360F296D85940065FA14 /* PickerUsesTests */ = {
			isa = PBXGroup;
			children = (
				C1263610296D85940065FA14 /* PickerUsesTests.swift */,
			);
			path = PickerUsesTests;
			sourceTree = "<group>";
		};
		C1263619296D85940065FA14 /* PickerUsesUITests */ = {
			isa = PBXGroup;
			children = (
				C126361A296D85940065FA14 /* PickerUsesUITests.swift */,
				C126361C296D85940065FA14 /* PickerUsesUITestsLaunchTests.swift */,
			);
			path = PickerUsesUITests;
			sourceTree = "<group>";
		};
/* End PBXGroup section */

/* Begin PBXNativeTarget section */
		C12635F5296D85920065FA14 /* PickerUses */ = {
			isa = PBXNativeTarget;
			buildConfigurationList = C1263620296D85940065FA14 /* Build configuration list for PBXNativeTarget "PickerUses" */;
			buildPhases = (
				C12635F2296D85920065FA14 /* Sources */,
				C12635F3296D85920065FA14 /* Frameworks */,
				C12635F4296D85920065FA14 /* Resources */,
			);
			buildRules = (
			);
			dependencies = (
			);
			name = PickerUses;
			productName = PickerUses;
			productReference = C12635F6296D85920065FA14 /* PickerUses.app */;
			productType = "com.apple.product-type.application";
		};
		C126360B296D85940065FA14 /* PickerUsesTests */ = {
			isa = PBXNativeTarget;
			buildConfigurationList = C1263623296D85940065FA14 /* Build configuration list for PBXNativeTarget "PickerUsesTests" */;
			buildPhases = (
				C1263608296D85940065FA14 /* Sources */,
				C1263609296D85940065FA14 /* Frameworks */,
				C126360A296D85940065FA14 /* Resources */,
			);
			buildRules = (
			);
			dependencies = (
				C126360E296D85940065FA14 /* PBXTargetDependency */,
			);
			name = PickerUsesTests;
			productName = PickerUsesTests;
			productReference = C126360C296D85940065FA14 /* PickerUsesTests.xctest */;
			productType = "com.apple.product-type.bundle.unit-test";
		};
		C1263615296D85940065FA14 /* PickerUsesUITests */ = {
			isa = PBXNativeTarget;
			buildConfigurationList = C1263626296D85940065FA14 /* Build configuration list for PBXNativeTarget "PickerUsesUITests" */;
			buildPhases = (
				C1263612296D85940065FA14 /* Sources */,
				C1263613296D85940065FA14 /* Frameworks */,
				C1263614296D85940065FA14 /* Resources */,
			);
			buildRules = (
			);
			dependencies = (
				C1263618296D85940065FA14 /* PBXTargetDependency */,
			);
			name = PickerUsesUITests;
			productName = PickerUsesUITests;
			productReference = C1263616296D85940065FA14 /* PickerUsesUITests.xctest */;
			productType = "com.apple.product-type.bundle.ui-testing";
		};
/* End PBXNativeTarget section */

/* Begin PBXProject section */
		C12635EE296D85920065FA14 /* Project object */ = {
			isa = PBXProject;
			attributes = {
				BuildIndependentTargetsInParallel = 1;
				LastSwiftUpdateCheck = 1340;
				LastUpgradeCheck = 1340;
				TargetAttributes = {
					C12635F5296D85920065FA14 = {
						CreatedOnToolsVersion = 13.4.1;
					};
					C126360B296D85940065FA14 = {
						CreatedOnToolsVersion = 13.4.1;
						TestTargetID = C12635F5296D85920065FA14;
					};
					C1263615296D85940065FA14 = {
						CreatedOnToolsVersion = 13.4.1;
						TestTargetID = C12635F5296D85920065FA14;
					};
				};
			};
			buildConfigurationList = C12635F1296D85920065FA14 /* Build configuration list for PBXProject "PickerUses" */;
			compatibilityVersion = "Xcode 13.0";
			developmentRegion = en;
			hasScannedForEncodings = 0;
			knownRegions = (
				en,
				Base,
			);
			mainGroup = C12635ED296D85920065FA14;
			productRefGroup = C12635F7296D85920065FA14 /* Products */;
			projectDirPath = "";
			projectRoot = "";
			targets = (
				C12635F5296D85920065FA14 /* PickerUses */,
				C126360B296D85940065FA14 /* PickerUsesTests */,
				C1263615296D85940065FA14 /* PickerUsesUITests */,
			);
		};
/* End PBXProject section */

/* Begin PBXResourcesBuildPhase section */
		C12635F4296D85920065FA14 /* Resources */ = {
			isa = PBXResourcesBuildPhase;
			buildActionMask = 2147483647;
			files = (
				C1263606296D85940065FA14 /* LaunchScreen.storyboard in Resources */,
				C1263603296D85940065FA14 /* Assets.xcassets in Resources */,
				C1263601296D85920065FA14 /* Main.storyboard in Resources */,
			);
			runOnlyForDeploymentPostprocessing = 0;
		};
		C126360A296D85940065FA14 /* Resources */ = {
			isa = PBXResourcesBuildPhase;
			buildActionMask = 2147483647;
			files = (
			);
			runOnlyForDeploymentPostprocessing = 0;
		};
		C1263614296D85940065FA14 /* Resources */ = {
			isa = PBXResourcesBuildPhase;
			buildActionMask = 2147483647;
			files = (
			);
			runOnlyForDeploymentPostprocessing = 0;
		};
/* End PBXResourcesBuildPhase section */

/* Begin PBXSourcesBuildPhase section */
		C12635F2296D85920065FA14 /* Sources */ = {
			isa = PBXSourcesBuildPhase;
			buildActionMask = 2147483647;
			files = (
				C12635FE296D85920065FA14 /* ViewController.swift in Sources */,
				C12635FA296D85920065FA14 /* AppDelegate.swift in Sources */,
				C12635FC296D85920065FA14 /* SceneDelegate.swift in Sources */,
			);
			runOnlyForDeploymentPostprocessing = 0;
		};
		C1263608296D85940065FA14 /* Sources */ = {
			isa = PBXSourcesBuildPhase;
			buildActionMask = 2147483647;
			files = (
				C1263611296D85940065FA14 /* PickerUsesTests.swift in Sources */,
			);
			runOnlyForDeploymentPostprocessing = 0;
		};
		C1263612296D85940065FA14 /* Sources */ = {
			isa = PBXSourcesBuildPhase;
			buildActionMask = 2147483647;
			files = (
				C126361D296D85940065FA14 /* PickerUsesUITestsLaunchTests.swift in Sources */,
				C126361B296D85940065FA14 /* PickerUsesUITests.swift in Sources */,
			);
			runOnlyForDeploymentPostprocessing = 0;
		};
/* End PBXSourcesBuildPhase section */

/* Begin PBXTargetDependency section */
		C126360E296D85940065FA14 /* PBXTargetDependency */ = {
			isa = PBXTargetDependency;
			target = C12635F5296D85920065FA14 /* PickerUses */;
			targetProxy = C126360D296D85940065FA14 /* PBXContainerItemProxy */;
		};
		C1263618296D85940065FA14 /* PBXTargetDependency */ = {
			isa = PBXTargetDependency;
			target = C12635F5296D85920065FA14 /* PickerUses */;
			targetProxy = C1263617296D85940065FA14 /* PBXContainerItemProxy */;
		};
/* End PBXTargetDependency section */

/* Begin PBXVariantGroup section */
		C12635FF296D85920065FA14 /* Main.storyboard */ = {
			isa = PBXVariantGroup;
			children = (
				C1263600296D85920065FA14 /* Base */,
			);
			name = Main.storyboard;
			sourceTree = "<group>";
		};
		C1263604296D85940065FA14 /* LaunchScreen.storyboard */ = {
			isa = PBXVariantGroup;
			children = (
				C1263605296D85940065FA14 /* Base */,
			);
			name = LaunchScreen.storyboard;
			sourceTree = "<group>";
		};
/* End PBXVariantGroup section */

/* Begin XCBuildConfiguration section */
		C126361E296D85940065FA14 /* Debug */ = {
			isa = XCBuildConfiguration;
			buildSettings = {
				ALWAYS_SEARCH_USER_PATHS = NO;
				CLANG_ANALYZER_NONNULL = YES;
				CLANG_ANALYZER_NUMBER_OBJECT_CONVERSION = YES_AGGRESSIVE;
				CLANG_CXX_LANGUAGE_STANDARD = "gnu++17";
				CLANG_ENABLE_MODULES = YES;
				CLANG_ENABLE_OBJC_ARC = YES;
				CLANG_ENABLE_OBJC_WEAK = YES;
				CLANG_WARN_BLOCK_CAPTURE_AUTORELEASING = YES;
				CLANG_WARN_BOOL_CONVERSION = YES;
				CLANG_WARN_COMMA = YES;
				CLANG_WARN_CONSTANT_CONVERSION = YES;
				CLANG_WARN_DEPRECATED_OBJC_IMPLEMENTATIONS = YES;
				CLANG_WARN_DIRECT_OBJC_ISA_USAGE = YES_ERROR;
				CLANG_WARN_DOCUMENTATION_COMMENTS = YES;
				CLANG_WARN_EMPTY_BODY = YES;
				CLANG_WARN_ENUM_CONVERSION = YES;
				CLANG_WARN_INFINITE_RECURSION = YES;
				CLANG_WARN_INT_CONVERSION = YES;
				CLANG_WARN_NON_LITERAL_NULL_CONVERSION = YES;
				CLANG_WARN_OBJC_IMPLICIT_RETAIN_SELF = YES;
				CLANG_WARN_OBJC_LITERAL_CONVERSION = YES;
				CLANG_WARN_OBJC_ROOT_CLASS = YES_ERROR;
				CLANG_WARN_QUOTED_INCLUDE_IN_FRAMEWORK_HEADER = YES;
				CLANG_WARN_RANGE_LOOP_ANALYSIS = YES;
				CLANG_WARN_STRICT_PROTOTYPES = YES;
				CLANG_WARN_SUSPICIOUS_MOVE = YES;
				CLANG_WARN_UNGUARDED_AVAILABILITY = YES_AGGRESSIVE;
				CLANG_WARN_UNREACHABLE_CODE = YES;
				CLANG_WARN__DUPLICATE_METHOD_MATCH = YES;
				COPY_PHASE_STRIP = NO;
				DEBUG_INFORMATION_FORMAT = dwarf;
				ENABLE_STRICT_OBJC_MSGSEND = YES;
				ENABLE_TESTABILITY = YES;
				GCC_C_LANGUAGE_STANDARD = gnu11;
				GCC_DYNAMIC_NO_PIC = NO;
				GCC_NO_COMMON_BLOCKS = YES;
				GCC_OPTIMIZATION_LEVEL = 0;
				GCC_PREPROCESSOR_DEFINITIONS = (
					"DEBUG=1",
					"$(inherited)",
				);
				GCC_WARN_64_TO_32_BIT_CONVERSION = YES;
				GCC_WARN_ABOUT_RETURN_TYPE = YES_ERROR;
				GCC_WARN_UNDECLARED_SELECTOR = YES;
				GCC_WARN_UNINITIALIZED_AUTOS = YES_AGGRESSIVE;
				GCC_WARN_UNUSED_FUNCTION = YES;
				GCC_WARN_UNUSED_VARIABLE = YES;
				IPHONEOS_DEPLOYMENT_TARGET = 15.5;
				MTL_ENABLE_DEBUG_INFO = INCLUDE_SOURCE;
				MTL_FAST_MATH = YES;
				ONLY_ACTIVE_ARCH = YES;
				SDKROOT = iphoneos;
				SWIFT_ACTIVE_COMPILATION_CONDITIONS = DEBUG;
				SWIFT_OPTIMIZATION_LEVEL = "-Onone";
			};
			name = Debug;
		};
		C126361F296D85940065FA14 /* Release */ = {
			isa = XCBuildConfiguration;
			buildSettings = {
				ALWAYS_SEARCH_USER_PATHS = NO;
				CLANG_ANALYZER_NONNULL = YES;
				CLANG_ANALYZER_NUMBER_OBJECT_CONVERSION = YES_AGGRESSIVE;
				CLANG_CXX_LANGUAGE_STANDARD = "gnu++17";
				CLANG_ENABLE_MODULES = YES;
				CLANG_ENABLE_OBJC_ARC = YES;
				CLANG_ENABLE_OBJC_WEAK = YES;
				CLANG_WARN_BLOCK_CAPTURE_AUTORELEASING = YES;
				CLANG_WARN_BOOL_CONVERSION = YES;
				CLANG_WARN_COMMA = YES;
				CLANG_WARN_CONSTANT_CONVERSION = YES;
				CLANG_WARN_DEPRECATED_OBJC_IMPLEMENTATIONS = YES;
				CLANG_WARN_DIRECT_OBJC_ISA_USAGE = YES_ERROR;
				CLANG_WARN_DOCUMENTATION_COMMENTS = YES;
				CLANG_WARN_EMPTY_BODY = YES;
				CLANG_WARN_ENUM_CONVERSION = YES;
				CLANG_WARN_INFINITE_RECURSION = YES;
				CLANG_WARN_INT_CONVERSION = YES;
				CLANG_WARN_NON_LITERAL_NULL_CONVERSION = YES;
				CLANG_WARN_OBJC_IMPLICIT_RETAIN_SELF = YES;
				CLANG_WARN_OBJC_LITERAL_CONVERSION = YES;
				CLANG_WARN_OBJC_ROOT_CLASS = YES_ERROR;
				CLANG_WARN_QUOTED_INCLUDE_IN_FRAMEWORK_HEADER = YES;
				CLANG_WARN_RANGE_LOOP_ANALYSIS = YES;
				CLANG_WARN_STRICT_PROTOTYPES = YES;
				CLANG_WARN_SUSPICIOUS_MOVE = YES;
				CLANG_WARN_UNGUARDED_AVAILABILITY = YES_AGGRESSIVE;
				CLANG_WARN_UNREACHABLE_CODE = YES;
				CLANG_WARN__DUPLICATE_METHOD_MATCH = YES;
				COPY_PHASE_STRIP = NO;
				DEBUG_INFORMATION_FORMAT = "dwarf-with-dsym";
				ENABLE_NS_ASSERTIONS = NO;
				ENABLE_STRICT_OBJC_MSGSEND = YES;
				GCC_C_LANGUAGE_STANDARD = gnu11;
				GCC_NO_COMMON_BLOCKS = YES;
				GCC_WARN_64_TO_32_BIT_CONVERSION = YES;
				GCC_WARN_ABOUT_RETURN_TYPE = YES_ERROR;
				GCC_WARN_UNDECLARED_SELECTOR = YES;
				GCC_WARN_UNINITIALIZED_AUTOS = YES_AGGRESSIVE;
				GCC_WARN_UNUSED_FUNCTION = YES;
				GCC_WARN_UNUSED_VARIABLE = YES;
				IPHONEOS_DEPLOYMENT_TARGET = 15.5;
				MTL_ENABLE_DEBUG_INFO = NO;
				MTL_FAST_MATH = YES;
				SDKROOT = iphoneos;
				SWIFT_COMPILATION_MODE = wholemodule;
				SWIFT_OPTIMIZATION_LEVEL = "-O";
				VALIDATE_PRODUCT = YES;
			};
			name = Release;
		};
		C1263621296D85940065FA14 /* Debug */ = {
			isa = XCBuildConfiguration;
			buildSettings = {
				ASSETCATALOG_COMPILER_APPICON_NAME = AppIcon;
				ASSETCATALOG_COMPILER_GLOBAL_ACCENT_COLOR_NAME = AccentColor;
				CODE_SIGN_STYLE = Automatic;
				CURRENT_PROJECT_VERSION = 1;
				DEVELOPMENT_TEAM = Q46P73G22N;
				GENERATE_INFOPLIST_FILE = YES;
				INFOPLIST_FILE = PickerUses/Info.plist;
				INFOPLIST_KEY_UIApplicationSupportsIndirectInputEvents = YES;
				INFOPLIST_KEY_UILaunchStoryboardName = LaunchScreen;
				INFOPLIST_KEY_UIMainStoryboardFile = Main;
				INFOPLIST_KEY_UISupportedInterfaceOrientations_iPad = "UIInterfaceOrientationPortrait UIInterfaceOrientationPortraitUpsideDown UIInterfaceOrientationLandscapeLeft UIInterfaceOrientationLandscapeRight";
				INFOPLIST_KEY_UISupportedInterfaceOrientations_iPhone = "UIInterfaceOrientationPortrait UIInterfaceOrientationLandscapeLeft UIInterfaceOrientationLandscapeRight";
				LD_RUNPATH_SEARCH_PATHS = (
					"$(inherited)",
					"@executable_path/Frameworks",
				);
				MARKETING_VERSION = 1.0;
				PRODUCT_BUNDLE_IDENTIFIER = ademkoyan.PickerUses;
				PRODUCT_NAME = "$(TARGET_NAME)";
				SWIFT_EMIT_LOC_STRINGS = YES;
				SWIFT_VERSION = 5.0;
				TARGETED_DEVICE_FAMILY = "1,2";
			};
			name = Debug;
		};
		C1263622296D85940065FA14 /* Release */ = {
			isa = XCBuildConfiguration;
			buildSettings = {
				ASSETCATALOG_COMPILER_APPICON_NAME = AppIcon;
				ASSETCATALOG_COMPILER_GLOBAL_ACCENT_COLOR_NAME = AccentColor;
				CODE_SIGN_STYLE = Automatic;
				CURRENT_PROJECT_VERSION = 1;
				DEVELOPMENT_TEAM = Q46P73G22N;
				GENERATE_INFOPLIST_FILE = YES;
				INFOPLIST_FILE = PickerUses/Info.plist;
				INFOPLIST_KEY_UIApplicationSupportsIndirectInputEvents = YES;
				INFOPLIST_KEY_UILaunchStoryboardName = LaunchScreen;
				INFOPLIST_KEY_UIMainStoryboardFile = Main;
				INFOPLIST_KEY_UISupportedInterfaceOrientations_iPad = "UIInterfaceOrientationPortrait UIInterfaceOrientationPortraitUpsideDown UIInterfaceOrientationLandscapeLeft UIInterfaceOrientationLandscapeRight";
				INFOPLIST_KEY_UISupportedInterfaceOrientations_iPhone = "UIInterfaceOrientationPortrait UIInterfaceOrientationLandscapeLeft UIInterfaceOrientationLandscapeRight";
				LD_RUNPATH_SEARCH_PATHS = (
					"$(inherited)",
					"@executable_path/Frameworks",
				);
				MARKETING_VERSION = 1.0;
				PRODUCT_BUNDLE_IDENTIFIER = ademkoyan.PickerUses;
				PRODUCT_NAME = "$(TARGET_NAME)";
				SWIFT_EMIT_LOC_STRINGS = YES;
				SWIFT_VERSION = 5.0;
				TARGETED_DEVICE_FAMILY = "1,2";
			};
			name = Release;
		};
		C1263624296D85940065FA14 /* Debug */ = {
			isa = XCBuildConfiguration;
			buildSettings = {
				ALWAYS_EMBED_SWIFT_STANDARD_LIBRARIES = YES;
				BUNDLE_LOADER = "$(TEST_HOST)";
				CODE_SIGN_STYLE = Automatic;
				CURRENT_PROJECT_VERSION = 1;
				DEVELOPMENT_TEAM = Q46P73G22N;
				GENERATE_INFOPLIST_FILE = YES;
				IPHONEOS_DEPLOYMENT_TARGET = 15.5;
				MARKETING_VERSION = 1.0;
				PRODUCT_BUNDLE_IDENTIFIER = ademkoyan.PickerUsesTests;
				PRODUCT_NAME = "$(TARGET_NAME)";
				SWIFT_EMIT_LOC_STRINGS = NO;
				SWIFT_VERSION = 5.0;
				TARGETED_DEVICE_FAMILY = "1,2";
				TEST_HOST = "$(BUILT_PRODUCTS_DIR)/PickerUses.app/PickerUses";
			};
			name = Debug;
		};
		C1263625296D85940065FA14 /* Release */ = {
			isa = XCBuildConfiguration;
			buildSettings = {
				ALWAYS_EMBED_SWIFT_STANDARD_LIBRARIES = YES;
				BUNDLE_LOADER = "$(TEST_HOST)";
				CODE_SIGN_STYLE = Automatic;
				CURRENT_PROJECT_VERSION = 1;
				DEVELOPMENT_TEAM = Q46P73G22N;
				GENERATE_INFOPLIST_FILE = YES;
				IPHONEOS_DEPLOYMENT_TARGET = 15.5;
				MARKETING_VERSION = 1.0;
				PRODUCT_BUNDLE_IDENTIFIER = ademkoyan.PickerUsesTests;
				PRODUCT_NAME = "$(TARGET_NAME)";
				SWIFT_EMIT_LOC_STRINGS = NO;
				SWIFT_VERSION = 5.0;
				TARGETED_DEVICE_FAMILY = "1,2";
				TEST_HOST = "$(BUILT_PRODUCTS_DIR)/PickerUses.app/PickerUses";
			};
			name = Release;
		};
		C1263627296D85940065FA14 /* Debug */ = {
			isa = XCBuildConfiguration;
			buildSettings = {
				ALWAYS_EMBED_SWIFT_STANDARD_LIBRARIES = YES;
				CODE_SIGN_STYLE = Automatic;
				CURRENT_PROJECT_VERSION = 1;
				DEVELOPMENT_TEAM = Q46P73G22N;
				GENERATE_INFOPLIST_FILE = YES;
				MARKETING_VERSION = 1.0;
				PRODUCT_BUNDLE_IDENTIFIER = ademkoyan.PickerUsesUITests;
				PRODUCT_NAME = "$(TARGET_NAME)";
				SWIFT_EMIT_LOC_STRINGS = NO;
				SWIFT_VERSION = 5.0;
				TARGETED_DEVICE_FAMILY = "1,2";
				TEST_TARGET_NAME = PickerUses;
			};
			name = Debug;
		};
		C1263628296D85940065FA14 /* Release */ = {
			isa = XCBuildConfiguration;
			buildSettings = {
				ALWAYS_EMBED_SWIFT_STANDARD_LIBRARIES = YES;
				CODE_SIGN_STYLE = Automatic;
				CURRENT_PROJECT_VERSION = 1;
				DEVELOPMENT_TEAM = Q46P73G22N;
				GENERATE_INFOPLIST_FILE = YES;
				MARKETING_VERSION = 1.0;
				PRODUCT_BUNDLE_IDENTIFIER = ademkoyan.PickerUsesUITests;
				PRODUCT_NAME = "$(TARGET_NAME)";
				SWIFT_EMIT_LOC_STRINGS = NO;
				SWIFT_VERSION = 5.0;
				TARGETED_DEVICE_FAMILY = "1,2";
				TEST_TARGET_NAME = PickerUses;
			};
			name = Release;
		};
/* End XCBuildConfiguration section */

/* Begin XCConfigurationList section */
		C12635F1296D85920065FA14 /* Build configuration list for PBXProject "PickerUses" */ = {
			isa = XCConfigurationList;
			buildConfigurations = (
				C126361E296D85940065FA14 /* Debug */,
				C126361F296D85940065FA14 /* Release */,
			);
			defaultConfigurationIsVisible = 0;
			defaultConfigurationName = Release;
		};
		C1263620296D85940065FA14 /* Build configuration list for PBXNativeTarget "PickerUses" */ = {
			isa = XCConfigurationList;
			buildConfigurations = (
				C1263621296D85940065FA14 /* Debug */,
				C1263622296D85940065FA14 /* Release */,
			);
			defaultConfigurationIsVisible = 0;
			defaultConfigurationName = Release;
		};
		C1263623296D85940065FA14 /* Build configuration list for PBXNativeTarget "PickerUsesTests" */ = {
			isa = XCConfigurationList;
			buildConfigurations = (
				C1263624296D85940065FA14 /* Debug */,
				C1263625296D85940065FA14 /* Release */,
			);
			defaultConfigurationIsVisible = 0;
			defaultConfigurationName = Release;
		};
		C1263626296D85940065FA14 /* Build configuration list for PBXNativeTarget "PickerUsesUITests" */ = {
			isa = XCConfigurationList;
			buildConfigurations = (
				C1263627296D85940065FA14 /* Debug */,
				C1263628296D85940065FA14 /* Release */,
			);
			defaultConfigurationIsVisible = 0;
			defaultConfigurationName = Release;
		};
/* End XCConfigurationList section */
	};
	rootObject = C12635EE296D85920065FA14 /* Project object */;
}
