// !$*UTF8*$!
{
	archiveVersion = 1;
	classes = {
	};
	objectVersion = 55;
	objects = {

/* Begin PBXBuildFile section */
		C18E75F829519F3F00C2E2B0 /* AppDelegate.swift in Sources */ = {isa = PBXBuildFile; fileRef = C18E75F729519F3F00C2E2B0 /* AppDelegate.swift */; };
		C18E75FA29519F3F00C2E2B0 /* SceneDelegate.swift in Sources */ = {isa = PBXBuildFile; fileRef = C18E75F929519F3F00C2E2B0 /* SceneDelegate.swift */; };
		C18E75FC29519F3F00C2E2B0 /* ViewController.swift in Sources */ = {isa = PBXBuildFile; fileRef = C18E75FB29519F3F00C2E2B0 /* ViewController.swift */; };
		C18E75FF29519F3F00C2E2B0 /* Main.storyboard in Resources */ = {isa = PBXBuildFile; fileRef = C18E75FD29519F3F00C2E2B0 /* Main.storyboard */; };
		C18E760129519F3F00C2E2B0 /* Assets.xcassets in Resources */ = {isa = PBXBuildFile; fileRef = C18E760029519F3F00C2E2B0 /* Assets.xcassets */; };
		C18E760429519F3F00C2E2B0 /* LaunchScreen.storyboard in Resources */ = {isa = PBXBuildFile; fileRef = C18E760229519F3F00C2E2B0 /* LaunchScreen.storyboard */; };
		C18E760F29519F3F00C2E2B0 /* FirstAppTests.swift in Sources */ = {isa = PBXBuildFile; fileRef = C18E760E29519F3F00C2E2B0 /* FirstAppTests.swift */; };
		C18E761929519F3F00C2E2B0 /* FirstAppUITests.swift in Sources */ = {isa = PBXBuildFile; fileRef = C18E761829519F3F00C2E2B0 /* FirstAppUITests.swift */; };
		C18E761B29519F3F00C2E2B0 /* FirstAppUITestsLaunchTests.swift in Sources */ = {isa = PBXBuildFile; fileRef = C18E761A29519F3F00C2E2B0 /* FirstAppUITestsLaunchTests.swift */; };
		C1B370852955C02800FCA8EF /* Kisiler.swift in Sources */ = {isa = PBXBuildFile; fileRef = C1B370842955C02800FCA8EF /* Kisiler.swift */; };
		C1B6F7D929530C1700FC069A /* ViewController2.swift in Sources */ = {isa = PBXBuildFile; fileRef = C1B6F7D829530C1700FC069A /* ViewController2.swift */; };
/* End PBXBuildFile section */

/* Begin PBXContainerItemProxy section */
		C18E760B29519F3F00C2E2B0 /* PBXContainerItemProxy */ = {
			isa = PBXContainerItemProxy;
			containerPortal = C18E75EC29519F3E00C2E2B0 /* Project object */;
			proxyType = 1;
			remoteGlobalIDString = C18E75F329519F3F00C2E2B0;
			remoteInfo = FirstApp;
		};
		C18E761529519F3F00C2E2B0 /* PBXContainerItemProxy */ = {
			isa = PBXContainerItemProxy;
			containerPortal = C18E75EC29519F3E00C2E2B0 /* Project object */;
			proxyType = 1;
			remoteGlobalIDString = C18E75F329519F3F00C2E2B0;
			remoteInfo = FirstApp;
		};
/* End PBXContainerItemProxy section */

/* Begin PBXFileReference section */
		C18E75F429519F3F00C2E2B0 /* FirstApp.app */ = {isa = PBXFileReference; explicitFileType = wrapper.application; includeInIndex = 0; path = FirstApp.app; sourceTree = BUILT_PRODUCTS_DIR; };
		C18E75F729519F3F00C2E2B0 /* AppDelegate.swift */ = {isa = PBXFileReference; lastKnownFileType = sourcecode.swift; path = AppDelegate.swift; sourceTree = "<group>"; };
		C18E75F929519F3F00C2E2B0 /* SceneDelegate.swift */ = {isa = PBXFileReference; lastKnownFileType = sourcecode.swift; path = SceneDelegate.swift; sourceTree = "<group>"; };
		C18E75FB29519F3F00C2E2B0 /* ViewController.swift */ = {isa = PBXFileReference; lastKnownFileType = sourcecode.swift; path = ViewController.swift; sourceTree = "<group>"; };
		C18E75FE29519F3F00C2E2B0 /* Base */ = {isa = PBXFileReference; lastKnownFileType = file.storyboard; name = Base; path = Base.lproj/Main.storyboard; sourceTree = "<group>"; };
		C18E760029519F3F00C2E2B0 /* Assets.xcassets */ = {isa = PBXFileReference; lastKnownFileType = folder.assetcatalog; path = Assets.xcassets; sourceTree = "<group>"; };
		C18E760329519F3F00C2E2B0 /* Base */ = {isa = PBXFileReference; lastKnownFileType = file.storyboard; name = Base; path = Base.lproj/LaunchScreen.storyboard; sourceTree = "<group>"; };
		C18E760529519F3F00C2E2B0 /* Info.plist */ = {isa = PBXFileReference; lastKnownFileType = text.plist.xml; path = Info.plist; sourceTree = "<group>"; };
		C18E760A29519F3F00C2E2B0 /* FirstAppTests.xctest */ = {isa = PBXFileReference; explicitFileType = wrapper.cfbundle; includeInIndex = 0; path = FirstAppTests.xctest; sourceTree = BUILT_PRODUCTS_DIR; };
		C18E760E29519F3F00C2E2B0 /* FirstAppTests.swift */ = {isa = PBXFileReference; lastKnownFileType = sourcecode.swift; path = FirstAppTests.swift; sourceTree = "<group>"; };
		C18E761429519F3F00C2E2B0 /* FirstAppUITests.xctest */ = {isa = PBXFileReference; explicitFileType = wrapper.cfbundle; includeInIndex = 0; path = FirstAppUITests.xctest; sourceTree = BUILT_PRODUCTS_DIR; };
		C18E761829519F3F00C2E2B0 /* FirstAppUITests.swift */ = {isa = PBXFileReference; lastKnownFileType = sourcecode.swift; path = FirstAppUITests.swift; sourceTree = "<group>"; };
		C18E761A29519F3F00C2E2B0 /* FirstAppUITestsLaunchTests.swift */ = {isa = PBXFileReference; lastKnownFileType = sourcecode.swift; path = FirstAppUITestsLaunchTests.swift; sourceTree = "<group>"; };
		C1B370842955C02800FCA8EF /* Kisiler.swift */ = {isa = PBXFileReference; lastKnownFileType = sourcecode.swift; path = Kisiler.swift; sourceTree = "<group>"; };
		C1B6F7D829530C1700FC069A /* ViewController2.swift */ = {isa = PBXFileReference; lastKnownFileType = sourcecode.swift; path = ViewController2.swift; sourceTree = "<group>"; };
/* End PBXFileReference section */

/* Begin PBXFrameworksBuildPhase section */
		C18E75F129519F3F00C2E2B0 /* Frameworks */ = {
			isa = PBXFrameworksBuildPhase;
			buildActionMask = 2147483647;
			files = (
			);
			runOnlyForDeploymentPostprocessing = 0;
		};
		C18E760729519F3F00C2E2B0 /* Frameworks */ = {
			isa = PBXFrameworksBuildPhase;
			buildActionMask = 2147483647;
			files = (
			);
			runOnlyForDeploymentPostprocessing = 0;
		};
		C18E761129519F3F00C2E2B0 /* Frameworks */ = {
			isa = PBXFrameworksBuildPhase;
			buildActionMask = 2147483647;
			files = (
			);
			runOnlyForDeploymentPostprocessing = 0;
		};
/* End PBXFrameworksBuildPhase section */

/* Begin PBXGroup section */
		C18E75EB29519F3E00C2E2B0 = {
			isa = PBXGroup;
			children = (
				C18E75F629519F3F00C2E2B0 /* FirstApp */,
				C18E760D29519F3F00C2E2B0 /* FirstAppTests */,
				C18E761729519F3F00C2E2B0 /* FirstAppUITests */,
				C18E75F529519F3F00C2E2B0 /* Products */,
			);
			sourceTree = "<group>";
		};
		C18E75F529519F3F00C2E2B0 /* Products */ = {
			isa = PBXGroup;
			children = (
				C18E75F429519F3F00C2E2B0 /* FirstApp.app */,
				C18E760A29519F3F00C2E2B0 /* FirstAppTests.xctest */,
				C18E761429519F3F00C2E2B0 /* FirstAppUITests.xctest */,
			);
			name = Products;
			sourceTree = "<group>";
		};
		C18E75F629519F3F00C2E2B0 /* FirstApp */ = {
			isa = PBXGroup;
			children = (
				C18E75F729519F3F00C2E2B0 /* AppDelegate.swift */,
				C18E75F929519F3F00C2E2B0 /* SceneDelegate.swift */,
				C18E75FB29519F3F00C2E2B0 /* ViewController.swift */,
				C18E75FD29519F3F00C2E2B0 /* Main.storyboard */,
				C18E760029519F3F00C2E2B0 /* Assets.xcassets */,
				C18E760229519F3F00C2E2B0 /* LaunchScreen.storyboard */,
				C18E760529519F3F00C2E2B0 /* Info.plist */,
				C1B6F7D829530C1700FC069A /* ViewController2.swift */,
				C1B370842955C02800FCA8EF /* Kisiler.swift */,
			);
			path = FirstApp;
			sourceTree = "<group>";
		};
		C18E760D29519F3F00C2E2B0 /* FirstAppTests */ = {
			isa = PBXGroup;
			children = (
				C18E760E29519F3F00C2E2B0 /* FirstAppTests.swift */,
			);
			path = FirstAppTests;
			sourceTree = "<group>";
		};
		C18E761729519F3F00C2E2B0 /* FirstAppUITests */ = {
			isa = PBXGroup;
			children = (
				C18E761829519F3F00C2E2B0 /* FirstAppUITests.swift */,
				C18E761A29519F3F00C2E2B0 /* FirstAppUITestsLaunchTests.swift */,
			);
			path = FirstAppUITests;
			sourceTree = "<group>";
		};
/* End PBXGroup section */

/* Begin PBXNativeTarget section */
		C18E75F329519F3F00C2E2B0 /* FirstApp */ = {
			isa = PBXNativeTarget;
			buildConfigurationList = C18E761E29519F3F00C2E2B0 /* Build configuration list for PBXNativeTarget "FirstApp" */;
			buildPhases = (
				C18E75F029519F3F00C2E2B0 /* Sources */,
				C18E75F129519F3F00C2E2B0 /* Frameworks */,
				C18E75F229519F3F00C2E2B0 /* Resources */,
			);
			buildRules = (
			);
			dependencies = (
			);
			name = FirstApp;
			productName = FirstApp;
			productReference = C18E75F429519F3F00C2E2B0 /* FirstApp.app */;
			productType = "com.apple.product-type.application";
		};
		C18E760929519F3F00C2E2B0 /* FirstAppTests */ = {
			isa = PBXNativeTarget;
			buildConfigurationList = C18E762129519F3F00C2E2B0 /* Build configuration list for PBXNativeTarget "FirstAppTests" */;
			buildPhases = (
				C18E760629519F3F00C2E2B0 /* Sources */,
				C18E760729519F3F00C2E2B0 /* Frameworks */,
				C18E760829519F3F00C2E2B0 /* Resources */,
			);
			buildRules = (
			);
			dependencies = (
				C18E760C29519F3F00C2E2B0 /* PBXTargetDependency */,
			);
			name = FirstAppTests;
			productName = FirstAppTests;
			productReference = C18E760A29519F3F00C2E2B0 /* FirstAppTests.xctest */;
			productType = "com.apple.product-type.bundle.unit-test";
		};
		C18E761329519F3F00C2E2B0 /* FirstAppUITests */ = {
			isa = PBXNativeTarget;
			buildConfigurationList = C18E762429519F3F00C2E2B0 /* Build configuration list for PBXNativeTarget "FirstAppUITests" */;
			buildPhases = (
				C18E761029519F3F00C2E2B0 /* Sources */,
				C18E761129519F3F00C2E2B0 /* Frameworks */,
				C18E761229519F3F00C2E2B0 /* Resources */,
			);
			buildRules = (
			);
			dependencies = (
				C18E761629519F3F00C2E2B0 /* PBXTargetDependency */,
			);
			name = FirstAppUITests;
			productName = FirstAppUITests;
			productReference = C18E761429519F3F00C2E2B0 /* FirstAppUITests.xctest */;
			productType = "com.apple.product-type.bundle.ui-testing";
		};
/* End PBXNativeTarget section */

/* Begin PBXProject section */
		C18E75EC29519F3E00C2E2B0 /* Project object */ = {
			isa = PBXProject;
			attributes = {
				BuildIndependentTargetsInParallel = 1;
				LastSwiftUpdateCheck = 1340;
				LastUpgradeCheck = 1340;
				TargetAttributes = {
					C18E75F329519F3F00C2E2B0 = {
						CreatedOnToolsVersion = 13.4.1;
					};
					C18E760929519F3F00C2E2B0 = {
						CreatedOnToolsVersion = 13.4.1;
						TestTargetID = C18E75F329519F3F00C2E2B0;
					};
					C18E761329519F3F00C2E2B0 = {
						CreatedOnToolsVersion = 13.4.1;
						TestTargetID = C18E75F329519F3F00C2E2B0;
					};
				};
			};
			buildConfigurationList = C18E75EF29519F3E00C2E2B0 /* Build configuration list for PBXProject "FirstApp" */;
			compatibilityVersion = "Xcode 13.0";
			developmentRegion = en;
			hasScannedForEncodings = 0;
			knownRegions = (
				en,
				Base,
			);
			mainGroup = C18E75EB29519F3E00C2E2B0;
			productRefGroup = C18E75F529519F3F00C2E2B0 /* Products */;
			projectDirPath = "";
			projectRoot = "";
			targets = (
				C18E75F329519F3F00C2E2B0 /* FirstApp */,
				C18E760929519F3F00C2E2B0 /* FirstAppTests */,
				C18E761329519F3F00C2E2B0 /* FirstAppUITests */,
			);
		};
/* End PBXProject section */

/* Begin PBXResourcesBuildPhase section */
		C18E75F229519F3F00C2E2B0 /* Resources */ = {
			isa = PBXResourcesBuildPhase;
			buildActionMask = 2147483647;
			files = (
				C18E760429519F3F00C2E2B0 /* LaunchScreen.storyboard in Resources */,
				C18E760129519F3F00C2E2B0 /* Assets.xcassets in Resources */,
				C18E75FF29519F3F00C2E2B0 /* Main.storyboard in Resources */,
			);
			runOnlyForDeploymentPostprocessing = 0;
		};
		C18E760829519F3F00C2E2B0 /* Resources */ = {
			isa = PBXResourcesBuildPhase;
			buildActionMask = 2147483647;
			files = (
			);
			runOnlyForDeploymentPostprocessing = 0;
		};
		C18E761229519F3F00C2E2B0 /* Resources */ = {
			isa = PBXResourcesBuildPhase;
			buildActionMask = 2147483647;
			files = (
			);
			runOnlyForDeploymentPostprocessing = 0;
		};
/* End PBXResourcesBuildPhase section */

/* Begin PBXSourcesBuildPhase section */
		C18E75F029519F3F00C2E2B0 /* Sources */ = {
			isa = PBXSourcesBuildPhase;
			buildActionMask = 2147483647;
			files = (
				C18E75FC29519F3F00C2E2B0 /* ViewController.swift in Sources */,
				C1B6F7D929530C1700FC069A /* ViewController2.swift in Sources */,
				C18E75F829519F3F00C2E2B0 /* AppDelegate.swift in Sources */,
				C18E75FA29519F3F00C2E2B0 /* SceneDelegate.swift in Sources */,
				C1B370852955C02800FCA8EF /* Kisiler.swift in Sources */,
			);
			runOnlyForDeploymentPostprocessing = 0;
		};
		C18E760629519F3F00C2E2B0 /* Sources */ = {
			isa = PBXSourcesBuildPhase;
			buildActionMask = 2147483647;
			files = (
				C18E760F29519F3F00C2E2B0 /* FirstAppTests.swift in Sources */,
			);
			runOnlyForDeploymentPostprocessing = 0;
		};
		C18E761029519F3F00C2E2B0 /* Sources */ = {
			isa = PBXSourcesBuildPhase;
			buildActionMask = 2147483647;
			files = (
				C18E761B29519F3F00C2E2B0 /* FirstAppUITestsLaunchTests.swift in Sources */,
				C18E761929519F3F00C2E2B0 /* FirstAppUITests.swift in Sources */,
			);
			runOnlyForDeploymentPostprocessing = 0;
		};
/* End PBXSourcesBuildPhase section */

/* Begin PBXTargetDependency section */
		C18E760C29519F3F00C2E2B0 /* PBXTargetDependency */ = {
			isa = PBXTargetDependency;
			target = C18E75F329519F3F00C2E2B0 /* FirstApp */;
			targetProxy = C18E760B29519F3F00C2E2B0 /* PBXContainerItemProxy */;
		};
		C18E761629519F3F00C2E2B0 /* PBXTargetDependency */ = {
			isa = PBXTargetDependency;
			target = C18E75F329519F3F00C2E2B0 /* FirstApp */;
			targetProxy = C18E761529519F3F00C2E2B0 /* PBXContainerItemProxy */;
		};
/* End PBXTargetDependency section */

/* Begin PBXVariantGroup section */
		C18E75FD29519F3F00C2E2B0 /* Main.storyboard */ = {
			isa = PBXVariantGroup;
			children = (
				C18E75FE29519F3F00C2E2B0 /* Base */,
			);
			name = Main.storyboard;
			sourceTree = "<group>";
		};
		C18E760229519F3F00C2E2B0 /* LaunchScreen.storyboard */ = {
			isa = PBXVariantGroup;
			children = (
				C18E760329519F3F00C2E2B0 /* Base */,
			);
			name = LaunchScreen.storyboard;
			sourceTree = "<group>";
		};
/* End PBXVariantGroup section */

/* Begin XCBuildConfiguration section */
		C18E761C29519F3F00C2E2B0 /* Debug */ = {
			isa = XCBuildConfiguration;
			buildSettings = {
				ALWAYS_SEARCH_USER_PATHS = NO;
				CLANG_ANALYZER_NONNULL = YES;
				CLANG_ANALYZER_NUMBER_OBJECT_CONVERSION = YES_AGGRESSIVE;
				CLANG_CXX_LANGUAGE_STANDARD = "gnu++17";
				CLANG_ENABLE_MODULES = YES;
				CLANG_ENABLE_OBJC_ARC = YES;
				CLANG_ENABLE_OBJC_WEAK = YES;
				CLANG_WARN_BLOCK_CAPTURE_AUTORELEASING = YES;
				CLANG_WARN_BOOL_CONVERSION = YES;
				CLANG_WARN_COMMA = YES;
				CLANG_WARN_CONSTANT_CONVERSION = YES;
				CLANG_WARN_DEPRECATED_OBJC_IMPLEMENTATIONS = YES;
				CLANG_WARN_DIRECT_OBJC_ISA_USAGE = YES_ERROR;
				CLANG_WARN_DOCUMENTATION_COMMENTS = YES;
				CLANG_WARN_EMPTY_BODY = YES;
				CLANG_WARN_ENUM_CONVERSION = YES;
				CLANG_WARN_INFINITE_RECURSION = YES;
				CLANG_WARN_INT_CONVERSION = YES;
				CLANG_WARN_NON_LITERAL_NULL_CONVERSION = YES;
				CLANG_WARN_OBJC_IMPLICIT_RETAIN_SELF = YES;
				CLANG_WARN_OBJC_LITERAL_CONVERSION = YES;
				CLANG_WARN_OBJC_ROOT_CLASS = YES_ERROR;
				CLANG_WARN_QUOTED_INCLUDE_IN_FRAMEWORK_HEADER = YES;
				CLANG_WARN_RANGE_LOOP_ANALYSIS = YES;
				CLANG_WARN_STRICT_PROTOTYPES = YES;
				CLANG_WARN_SUSPICIOUS_MOVE = YES;
				CLANG_WARN_UNGUARDED_AVAILABILITY = YES_AGGRESSIVE;
				CLANG_WARN_UNREACHABLE_CODE = YES;
				CLANG_WARN__DUPLICATE_METHOD_MATCH = YES;
				COPY_PHASE_STRIP = NO;
				DEBUG_INFORMATION_FORMAT = dwarf;
				ENABLE_STRICT_OBJC_MSGSEND = YES;
				ENABLE_TESTABILITY = YES;
				GCC_C_LANGUAGE_STANDARD = gnu11;
				GCC_DYNAMIC_NO_PIC = NO;
				GCC_NO_COMMON_BLOCKS = YES;
				GCC_OPTIMIZATION_LEVEL = 0;
				GCC_PREPROCESSOR_DEFINITIONS = (
					"DEBUG=1",
					"$(inherited)",
				);
				GCC_WARN_64_TO_32_BIT_CONVERSION = YES;
				GCC_WARN_ABOUT_RETURN_TYPE = YES_ERROR;
				GCC_WARN_UNDECLARED_SELECTOR = YES;
				GCC_WARN_UNINITIALIZED_AUTOS = YES_AGGRESSIVE;
				GCC_WARN_UNUSED_FUNCTION = YES;
				GCC_WARN_UNUSED_VARIABLE = YES;
				IPHONEOS_DEPLOYMENT_TARGET = 15.5;
				MTL_ENABLE_DEBUG_INFO = INCLUDE_SOURCE;
				MTL_FAST_MATH = YES;
				ONLY_ACTIVE_ARCH = YES;
				SDKROOT = iphoneos;
				SWIFT_ACTIVE_COMPILATION_CONDITIONS = DEBUG;
				SWIFT_OPTIMIZATION_LEVEL = "-Onone";
			};
			name = Debug;
		};
		C18E761D29519F3F00C2E2B0 /* Release */ = {
			isa = XCBuildConfiguration;
			buildSettings = {
				ALWAYS_SEARCH_USER_PATHS = NO;
				CLANG_ANALYZER_NONNULL = YES;
				CLANG_ANALYZER_NUMBER_OBJECT_CONVERSION = YES_AGGRESSIVE;
				CLANG_CXX_LANGUAGE_STANDARD = "gnu++17";
				CLANG_ENABLE_MODULES = YES;
				CLANG_ENABLE_OBJC_ARC = YES;
				CLANG_ENABLE_OBJC_WEAK = YES;
				CLANG_WARN_BLOCK_CAPTURE_AUTORELEASING = YES;
				CLANG_WARN_BOOL_CONVERSION = YES;
				CLANG_WARN_COMMA = YES;
				CLANG_WARN_CONSTANT_CONVERSION = YES;
				CLANG_WARN_DEPRECATED_OBJC_IMPLEMENTATIONS = YES;
				CLANG_WARN_DIRECT_OBJC_ISA_USAGE = YES_ERROR;
				CLANG_WARN_DOCUMENTATION_COMMENTS = YES;
				CLANG_WARN_EMPTY_BODY = YES;
				CLANG_WARN_ENUM_CONVERSION = YES;
				CLANG_WARN_INFINITE_RECURSION = YES;
				CLANG_WARN_INT_CONVERSION = YES;
				CLANG_WARN_NON_LITERAL_NULL_CONVERSION = YES;
				CLANG_WARN_OBJC_IMPLICIT_RETAIN_SELF = YES;
				CLANG_WARN_OBJC_LITERAL_CONVERSION = YES;
				CLANG_WARN_OBJC_ROOT_CLASS = YES_ERROR;
				CLANG_WARN_QUOTED_INCLUDE_IN_FRAMEWORK_HEADER = YES;
				CLANG_WARN_RANGE_LOOP_ANALYSIS = YES;
				CLANG_WARN_STRICT_PROTOTYPES = YES;
				CLANG_WARN_SUSPICIOUS_MOVE = YES;
				CLANG_WARN_UNGUARDED_AVAILABILITY = YES_AGGRESSIVE;
				CLANG_WARN_UNREACHABLE_CODE = YES;
				CLANG_WARN__DUPLICATE_METHOD_MATCH = YES;
				COPY_PHASE_STRIP = NO;
				DEBUG_INFORMATION_FORMAT = "dwarf-with-dsym";
				ENABLE_NS_ASSERTIONS = NO;
				ENABLE_STRICT_OBJC_MSGSEND = YES;
				GCC_C_LANGUAGE_STANDARD = gnu11;
				GCC_NO_COMMON_BLOCKS = YES;
				GCC_WARN_64_TO_32_BIT_CONVERSION = YES;
				GCC_WARN_ABOUT_RETURN_TYPE = YES_ERROR;
				GCC_WARN_UNDECLARED_SELECTOR = YES;
				GCC_WARN_UNINITIALIZED_AUTOS = YES_AGGRESSIVE;
				GCC_WARN_UNUSED_FUNCTION = YES;
				GCC_WARN_UNUSED_VARIABLE = YES;
				IPHONEOS_DEPLOYMENT_TARGET = 15.5;
				MTL_ENABLE_DEBUG_INFO = NO;
				MTL_FAST_MATH = YES;
				SDKROOT = iphoneos;
				SWIFT_COMPILATION_MODE = wholemodule;
				SWIFT_OPTIMIZATION_LEVEL = "-O";
				VALIDATE_PRODUCT = YES;
			};
			name = Release;
		};
		C18E761F29519F3F00C2E2B0 /* Debug */ = {
			isa = XCBuildConfiguration;
			buildSettings = {
				ASSETCATALOG_COMPILER_APPICON_NAME = AppIcon;
				ASSETCATALOG_COMPILER_GLOBAL_ACCENT_COLOR_NAME = AccentColor;
				CODE_SIGN_STYLE = Automatic;
				CURRENT_PROJECT_VERSION = 1;
				DEVELOPMENT_TEAM = Q46P73G22N;
				GENERATE_INFOPLIST_FILE = YES;
				INFOPLIST_FILE = FirstApp/Info.plist;
				INFOPLIST_KEY_UIApplicationSupportsIndirectInputEvents = YES;
				INFOPLIST_KEY_UILaunchStoryboardName = LaunchScreen;
				INFOPLIST_KEY_UIMainStoryboardFile = Main;
				INFOPLIST_KEY_UISupportedInterfaceOrientations_iPad = "UIInterfaceOrientationPortrait UIInterfaceOrientationPortraitUpsideDown UIInterfaceOrientationLandscapeLeft UIInterfaceOrientationLandscapeRight";
				INFOPLIST_KEY_UISupportedInterfaceOrientations_iPhone = "UIInterfaceOrientationPortrait UIInterfaceOrientationLandscapeLeft UIInterfaceOrientationLandscapeRight";
				IPHONEOS_DEPLOYMENT_TARGET = 13.0;
				LD_RUNPATH_SEARCH_PATHS = (
					"$(inherited)",
					"@executable_path/Frameworks",
				);
				MARKETING_VERSION = 1.0;
				PRODUCT_BUNDLE_IDENTIFIER = ademkoyan.FirstApp;
				PRODUCT_NAME = "$(TARGET_NAME)";
				SWIFT_EMIT_LOC_STRINGS = YES;
				SWIFT_VERSION = 5.0;
				TARGETED_DEVICE_FAMILY = 1;
			};
			name = Debug;
		};
		C18E762029519F3F00C2E2B0 /* Release */ = {
			isa = XCBuildConfiguration;
			buildSettings = {
				ASSETCATALOG_COMPILER_APPICON_NAME = AppIcon;
				ASSETCATALOG_COMPILER_GLOBAL_ACCENT_COLOR_NAME = AccentColor;
				CODE_SIGN_STYLE = Automatic;
				CURRENT_PROJECT_VERSION = 1;
				DEVELOPMENT_TEAM = Q46P73G22N;
				GENERATE_INFOPLIST_FILE = YES;
				INFOPLIST_FILE = FirstApp/Info.plist;
				INFOPLIST_KEY_UIApplicationSupportsIndirectInputEvents = YES;
				INFOPLIST_KEY_UILaunchStoryboardName = LaunchScreen;
				INFOPLIST_KEY_UIMainStoryboardFile = Main;
				INFOPLIST_KEY_UISupportedInterfaceOrientations_iPad = "UIInterfaceOrientationPortrait UIInterfaceOrientationPortraitUpsideDown UIInterfaceOrientationLandscapeLeft UIInterfaceOrientationLandscapeRight";
				INFOPLIST_KEY_UISupportedInterfaceOrientations_iPhone = "UIInterfaceOrientationPortrait UIInterfaceOrientationLandscapeLeft UIInterfaceOrientationLandscapeRight";
				IPHONEOS_DEPLOYMENT_TARGET = 13.0;
				LD_RUNPATH_SEARCH_PATHS = (
					"$(inherited)",
					"@executable_path/Frameworks",
				);
				MARKETING_VERSION = 1.0;
				PRODUCT_BUNDLE_IDENTIFIER = ademkoyan.FirstApp;
				PRODUCT_NAME = "$(TARGET_NAME)";
				SWIFT_EMIT_LOC_STRINGS = YES;
				SWIFT_VERSION = 5.0;
				TARGETED_DEVICE_FAMILY = 1;
			};
			name = Release;
		};
		C18E762229519F3F00C2E2B0 /* Debug */ = {
			isa = XCBuildConfiguration;
			buildSettings = {
				ALWAYS_EMBED_SWIFT_STANDARD_LIBRARIES = YES;
				BUNDLE_LOADER = "$(TEST_HOST)";
				CODE_SIGN_STYLE = Automatic;
				CURRENT_PROJECT_VERSION = 1;
				DEVELOPMENT_TEAM = Q46P73G22N;
				GENERATE_INFOPLIST_FILE = YES;
				IPHONEOS_DEPLOYMENT_TARGET = 15.5;
				MARKETING_VERSION = 1.0;
				PRODUCT_BUNDLE_IDENTIFIER = ademkoyan.FirstAppTests;
				PRODUCT_NAME = "$(TARGET_NAME)";
				SWIFT_EMIT_LOC_STRINGS = NO;
				SWIFT_VERSION = 5.0;
				TARGETED_DEVICE_FAMILY = "1,2";
				TEST_HOST = "$(BUILT_PRODUCTS_DIR)/FirstApp.app/FirstApp";
			};
			name = Debug;
		};
		C18E762329519F3F00C2E2B0 /* Release */ = {
			isa = XCBuildConfiguration;
			buildSettings = {
				ALWAYS_EMBED_SWIFT_STANDARD_LIBRARIES = YES;
				BUNDLE_LOADER = "$(TEST_HOST)";
				CODE_SIGN_STYLE = Automatic;
				CURRENT_PROJECT_VERSION = 1;
				DEVELOPMENT_TEAM = Q46P73G22N;
				GENERATE_INFOPLIST_FILE = YES;
				IPHONEOS_DEPLOYMENT_TARGET = 15.5;
				MARKETING_VERSION = 1.0;
				PRODUCT_BUNDLE_IDENTIFIER = ademkoyan.FirstAppTests;
				PRODUCT_NAME = "$(TARGET_NAME)";
				SWIFT_EMIT_LOC_STRINGS = NO;
				SWIFT_VERSION = 5.0;
				TARGETED_DEVICE_FAMILY = "1,2";
				TEST_HOST = "$(BUILT_PRODUCTS_DIR)/FirstApp.app/FirstApp";
			};
			name = Release;
		};
		C18E762529519F3F00C2E2B0 /* Debug */ = {
			isa = XCBuildConfiguration;
			buildSettings = {
				ALWAYS_EMBED_SWIFT_STANDARD_LIBRARIES = YES;
				CODE_SIGN_STYLE = Automatic;
				CURRENT_PROJECT_VERSION = 1;
				DEVELOPMENT_TEAM = Q46P73G22N;
				GENERATE_INFOPLIST_FILE = YES;
				MARKETING_VERSION = 1.0;
				PRODUCT_BUNDLE_IDENTIFIER = ademkoyan.FirstAppUITests;
				PRODUCT_NAME = "$(TARGET_NAME)";
				SWIFT_EMIT_LOC_STRINGS = NO;
				SWIFT_VERSION = 5.0;
				TARGETED_DEVICE_FAMILY = "1,2";
				TEST_TARGET_NAME = FirstApp;
			};
			name = Debug;
		};
		C18E762629519F3F00C2E2B0 /* Release */ = {
			isa = XCBuildConfiguration;
			buildSettings = {
				ALWAYS_EMBED_SWIFT_STANDARD_LIBRARIES = YES;
				CODE_SIGN_STYLE = Automatic;
				CURRENT_PROJECT_VERSION = 1;
				DEVELOPMENT_TEAM = Q46P73G22N;
				GENERATE_INFOPLIST_FILE = YES;
				MARKETING_VERSION = 1.0;
				PRODUCT_BUNDLE_IDENTIFIER = ademkoyan.FirstAppUITests;
				PRODUCT_NAME = "$(TARGET_NAME)";
				SWIFT_EMIT_LOC_STRINGS = NO;
				SWIFT_VERSION = 5.0;
				TARGETED_DEVICE_FAMILY = "1,2";
				TEST_TARGET_NAME = FirstApp;
			};
			name = Release;
		};
/* End XCBuildConfiguration section */

/* Begin XCConfigurationList section */
		C18E75EF29519F3E00C2E2B0 /* Build configuration list for PBXProject "FirstApp" */ = {
			isa = XCConfigurationList;
			buildConfigurations = (
				C18E761C29519F3F00C2E2B0 /* Debug */,
				C18E761D29519F3F00C2E2B0 /* Release */,
			);
			defaultConfigurationIsVisible = 0;
			defaultConfigurationName = Release;
		};
		C18E761E29519F3F00C2E2B0 /* Build configuration list for PBXNativeTarget "FirstApp" */ = {
			isa = XCConfigurationList;
			buildConfigurations = (
				C18E761F29519F3F00C2E2B0 /* Debug */,
				C18E762029519F3F00C2E2B0 /* Release */,
			);
			defaultConfigurationIsVisible = 0;
			defaultConfigurationName = Release;
		};
		C18E762129519F3F00C2E2B0 /* Build configuration list for PBXNativeTarget "FirstAppTests" */ = {
			isa = XCConfigurationList;
			buildConfigurations = (
				C18E762229519F3F00C2E2B0 /* Debug */,
				C18E762329519F3F00C2E2B0 /* Release */,
			);
			defaultConfigurationIsVisible = 0;
			defaultConfigurationName = Release;
		};
		C18E762429519F3F00C2E2B0 /* Build configuration list for PBXNativeTarget "FirstAppUITests" */ = {
			isa = XCConfigurationList;
			buildConfigurations = (
				C18E762529519F3F00C2E2B0 /* Debug */,
				C18E762629519F3F00C2E2B0 /* Release */,
			);
			defaultConfigurationIsVisible = 0;
			defaultConfigurationName = Release;
		};
/* End XCConfigurationList section */
	};
	rootObject = C18E75EC29519F3E00C2E2B0 /* Project object */;
}
