// !$*UTF8*$!
{
	archiveVersion = 1;
	classes = {
	};
	objectVersion = 55;
	objects = {

/* Begin PBXBuildFile section */
		C1AE310E2979404400E5709B /* AppDelegate.swift in Sources */ = {isa = PBXBuildFile; fileRef = C1AE310D2979404400E5709B /* AppDelegate.swift */; };
		C1AE31102979404400E5709B /* SceneDelegate.swift in Sources */ = {isa = PBXBuildFile; fileRef = C1AE310F2979404400E5709B /* SceneDelegate.swift */; };
		C1AE31122979404400E5709B /* ViewController.swift in Sources */ = {isa = PBXBuildFile; fileRef = C1AE31112979404400E5709B /* ViewController.swift */; };
		C1AE31152979404400E5709B /* Main.storyboard in Resources */ = {isa = PBXBuildFile; fileRef = C1AE31132979404400E5709B /* Main.storyboard */; };
		C1AE31172979404500E5709B /* Assets.xcassets in Resources */ = {isa = PBXBuildFile; fileRef = C1AE31162979404500E5709B /* Assets.xcassets */; };
		C1AE311A2979404500E5709B /* LaunchScreen.storyboard in Resources */ = {isa = PBXBuildFile; fileRef = C1AE31182979404500E5709B /* LaunchScreen.storyboard */; };
		C1AE31252979404500E5709B /* PickerView_Kullanimi_2Tests.swift in Sources */ = {isa = PBXBuildFile; fileRef = C1AE31242979404500E5709B /* PickerView_Kullanimi_2Tests.swift */; };
		C1AE312F2979404500E5709B /* PickerView_Kullanimi_2UITests.swift in Sources */ = {isa = PBXBuildFile; fileRef = C1AE312E2979404500E5709B /* PickerView_Kullanimi_2UITests.swift */; };
		C1AE31312979404500E5709B /* PickerView_Kullanimi_2UITestsLaunchTests.swift in Sources */ = {isa = PBXBuildFile; fileRef = C1AE31302979404500E5709B /* PickerView_Kullanimi_2UITestsLaunchTests.swift */; };
/* End PBXBuildFile section */

/* Begin PBXContainerItemProxy section */
		C1AE31212979404500E5709B /* PBXContainerItemProxy */ = {
			isa = PBXContainerItemProxy;
			containerPortal = C1AE31022979404400E5709B /* Project object */;
			proxyType = 1;
			remoteGlobalIDString = C1AE31092979404400E5709B;
			remoteInfo = "PickerView Kullanimi-2";
		};
		C1AE312B2979404500E5709B /* PBXContainerItemProxy */ = {
			isa = PBXContainerItemProxy;
			containerPortal = C1AE31022979404400E5709B /* Project object */;
			proxyType = 1;
			remoteGlobalIDString = C1AE31092979404400E5709B;
			remoteInfo = "PickerView Kullanimi-2";
		};
/* End PBXContainerItemProxy section */

/* Begin PBXFileReference section */
		C1AE310A2979404400E5709B /* PickerView Kullanimi-2.app */ = {isa = PBXFileReference; explicitFileType = wrapper.application; includeInIndex = 0; path = "PickerView Kullanimi-2.app"; sourceTree = BUILT_PRODUCTS_DIR; };
		C1AE310D2979404400E5709B /* AppDelegate.swift */ = {isa = PBXFileReference; lastKnownFileType = sourcecode.swift; path = AppDelegate.swift; sourceTree = "<group>"; };
		C1AE310F2979404400E5709B /* SceneDelegate.swift */ = {isa = PBXFileReference; lastKnownFileType = sourcecode.swift; path = SceneDelegate.swift; sourceTree = "<group>"; };
		C1AE31112979404400E5709B /* ViewController.swift */ = {isa = PBXFileReference; lastKnownFileType = sourcecode.swift; path = ViewController.swift; sourceTree = "<group>"; };
		C1AE31142979404400E5709B /* Base */ = {isa = PBXFileReference; lastKnownFileType = file.storyboard; name = Base; path = Base.lproj/Main.storyboard; sourceTree = "<group>"; };
		C1AE31162979404500E5709B /* Assets.xcassets */ = {isa = PBXFileReference; lastKnownFileType = folder.assetcatalog; path = Assets.xcassets; sourceTree = "<group>"; };
		C1AE31192979404500E5709B /* Base */ = {isa = PBXFileReference; lastKnownFileType = file.storyboard; name = Base; path = Base.lproj/LaunchScreen.storyboard; sourceTree = "<group>"; };
		C1AE311B2979404500E5709B /* Info.plist */ = {isa = PBXFileReference; lastKnownFileType = text.plist.xml; path = Info.plist; sourceTree = "<group>"; };
		C1AE31202979404500E5709B /* PickerView Kullanimi-2Tests.xctest */ = {isa = PBXFileReference; explicitFileType = wrapper.cfbundle; includeInIndex = 0; path = "PickerView Kullanimi-2Tests.xctest"; sourceTree = BUILT_PRODUCTS_DIR; };
		C1AE31242979404500E5709B /* PickerView_Kullanimi_2Tests.swift */ = {isa = PBXFileReference; lastKnownFileType = sourcecode.swift; path = PickerView_Kullanimi_2Tests.swift; sourceTree = "<group>"; };
		C1AE312A2979404500E5709B /* PickerView Kullanimi-2UITests.xctest */ = {isa = PBXFileReference; explicitFileType = wrapper.cfbundle; includeInIndex = 0; path = "PickerView Kullanimi-2UITests.xctest"; sourceTree = BUILT_PRODUCTS_DIR; };
		C1AE312E2979404500E5709B /* PickerView_Kullanimi_2UITests.swift */ = {isa = PBXFileReference; lastKnownFileType = sourcecode.swift; path = PickerView_Kullanimi_2UITests.swift; sourceTree = "<group>"; };
		C1AE31302979404500E5709B /* PickerView_Kullanimi_2UITestsLaunchTests.swift */ = {isa = PBXFileReference; lastKnownFileType = sourcecode.swift; path = PickerView_Kullanimi_2UITestsLaunchTests.swift; sourceTree = "<group>"; };
/* End PBXFileReference section */

/* Begin PBXFrameworksBuildPhase section */
		C1AE31072979404400E5709B /* Frameworks */ = {
			isa = PBXFrameworksBuildPhase;
			buildActionMask = 2147483647;
			files = (
			);
			runOnlyForDeploymentPostprocessing = 0;
		};
		C1AE311D2979404500E5709B /* Frameworks */ = {
			isa = PBXFrameworksBuildPhase;
			buildActionMask = 2147483647;
			files = (
			);
			runOnlyForDeploymentPostprocessing = 0;
		};
		C1AE31272979404500E5709B /* Frameworks */ = {
			isa = PBXFrameworksBuildPhase;
			buildActionMask = 2147483647;
			files = (
			);
			runOnlyForDeploymentPostprocessing = 0;
		};
/* End PBXFrameworksBuildPhase section */

/* Begin PBXGroup section */
		C1AE31012979404400E5709B = {
			isa = PBXGroup;
			children = (
				C1AE310C2979404400E5709B /* PickerView Kullanimi-2 */,
				C1AE31232979404500E5709B /* PickerView Kullanimi-2Tests */,
				C1AE312D2979404500E5709B /* PickerView Kullanimi-2UITests */,
				C1AE310B2979404400E5709B /* Products */,
			);
			sourceTree = "<group>";
		};
		C1AE310B2979404400E5709B /* Products */ = {
			isa = PBXGroup;
			children = (
				C1AE310A2979404400E5709B /* PickerView Kullanimi-2.app */,
				C1AE31202979404500E5709B /* PickerView Kullanimi-2Tests.xctest */,
				C1AE312A2979404500E5709B /* PickerView Kullanimi-2UITests.xctest */,
			);
			name = Products;
			sourceTree = "<group>";
		};
		C1AE310C2979404400E5709B /* PickerView Kullanimi-2 */ = {
			isa = PBXGroup;
			children = (
				C1AE310D2979404400E5709B /* AppDelegate.swift */,
				C1AE310F2979404400E5709B /* SceneDelegate.swift */,
				C1AE31112979404400E5709B /* ViewController.swift */,
				C1AE31132979404400E5709B /* Main.storyboard */,
				C1AE31162979404500E5709B /* Assets.xcassets */,
				C1AE31182979404500E5709B /* LaunchScreen.storyboard */,
				C1AE311B2979404500E5709B /* Info.plist */,
			);
			path = "PickerView Kullanimi-2";
			sourceTree = "<group>";
		};
		C1AE31232979404500E5709B /* PickerView Kullanimi-2Tests */ = {
			isa = PBXGroup;
			children = (
				C1AE31242979404500E5709B /* PickerView_Kullanimi_2Tests.swift */,
			);
			path = "PickerView Kullanimi-2Tests";
			sourceTree = "<group>";
		};
		C1AE312D2979404500E5709B /* PickerView Kullanimi-2UITests */ = {
			isa = PBXGroup;
			children = (
				C1AE312E2979404500E5709B /* PickerView_Kullanimi_2UITests.swift */,
				C1AE31302979404500E5709B /* PickerView_Kullanimi_2UITestsLaunchTests.swift */,
			);
			path = "PickerView Kullanimi-2UITests";
			sourceTree = "<group>";
		};
/* End PBXGroup section */

/* Begin PBXNativeTarget section */
		C1AE31092979404400E5709B /* PickerView Kullanimi-2 */ = {
			isa = PBXNativeTarget;
			buildConfigurationList = C1AE31342979404500E5709B /* Build configuration list for PBXNativeTarget "PickerView Kullanimi-2" */;
			buildPhases = (
				C1AE31062979404400E5709B /* Sources */,
				C1AE31072979404400E5709B /* Frameworks */,
				C1AE31082979404400E5709B /* Resources */,
			);
			buildRules = (
			);
			dependencies = (
			);
			name = "PickerView Kullanimi-2";
			productName = "PickerView Kullanimi-2";
			productReference = C1AE310A2979404400E5709B /* PickerView Kullanimi-2.app */;
			productType = "com.apple.product-type.application";
		};
		C1AE311F2979404500E5709B /* PickerView Kullanimi-2Tests */ = {
			isa = PBXNativeTarget;
			buildConfigurationList = C1AE31372979404500E5709B /* Build configuration list for PBXNativeTarget "PickerView Kullanimi-2Tests" */;
			buildPhases = (
				C1AE311C2979404500E5709B /* Sources */,
				C1AE311D2979404500E5709B /* Frameworks */,
				C1AE311E2979404500E5709B /* Resources */,
			);
			buildRules = (
			);
			dependencies = (
				C1AE31222979404500E5709B /* PBXTargetDependency */,
			);
			name = "PickerView Kullanimi-2Tests";
			productName = "PickerView Kullanimi-2Tests";
			productReference = C1AE31202979404500E5709B /* PickerView Kullanimi-2Tests.xctest */;
			productType = "com.apple.product-type.bundle.unit-test";
		};
		C1AE31292979404500E5709B /* PickerView Kullanimi-2UITests */ = {
			isa = PBXNativeTarget;
			buildConfigurationList = C1AE313A2979404500E5709B /* Build configuration list for PBXNativeTarget "PickerView Kullanimi-2UITests" */;
			buildPhases = (
				C1AE31262979404500E5709B /* Sources */,
				C1AE31272979404500E5709B /* Frameworks */,
				C1AE31282979404500E5709B /* Resources */,
			);
			buildRules = (
			);
			dependencies = (
				C1AE312C2979404500E5709B /* PBXTargetDependency */,
			);
			name = "PickerView Kullanimi-2UITests";
			productName = "PickerView Kullanimi-2UITests";
			productReference = C1AE312A2979404500E5709B /* PickerView Kullanimi-2UITests.xctest */;
			productType = "com.apple.product-type.bundle.ui-testing";
		};
/* End PBXNativeTarget section */

/* Begin PBXProject section */
		C1AE31022979404400E5709B /* Project object */ = {
			isa = PBXProject;
			attributes = {
				BuildIndependentTargetsInParallel = 1;
				LastSwiftUpdateCheck = 1340;
				LastUpgradeCheck = 1340;
				TargetAttributes = {
					C1AE31092979404400E5709B = {
						CreatedOnToolsVersion = 13.4.1;
					};
					C1AE311F2979404500E5709B = {
						CreatedOnToolsVersion = 13.4.1;
						TestTargetID = C1AE31092979404400E5709B;
					};
					C1AE31292979404500E5709B = {
						CreatedOnToolsVersion = 13.4.1;
						TestTargetID = C1AE31092979404400E5709B;
					};
				};
			};
			buildConfigurationList = C1AE31052979404400E5709B /* Build configuration list for PBXProject "PickerView Kullanimi-2" */;
			compatibilityVersion = "Xcode 13.0";
			developmentRegion = en;
			hasScannedForEncodings = 0;
			knownRegions = (
				en,
				Base,
			);
			mainGroup = C1AE31012979404400E5709B;
			productRefGroup = C1AE310B2979404400E5709B /* Products */;
			projectDirPath = "";
			projectRoot = "";
			targets = (
				C1AE31092979404400E5709B /* PickerView Kullanimi-2 */,
				C1AE311F2979404500E5709B /* PickerView Kullanimi-2Tests */,
				C1AE31292979404500E5709B /* PickerView Kullanimi-2UITests */,
			);
		};
/* End PBXProject section */

/* Begin PBXResourcesBuildPhase section */
		C1AE31082979404400E5709B /* Resources */ = {
			isa = PBXResourcesBuildPhase;
			buildActionMask = 2147483647;
			files = (
				C1AE311A2979404500E5709B /* LaunchScreen.storyboard in Resources */,
				C1AE31172979404500E5709B /* Assets.xcassets in Resources */,
				C1AE31152979404400E5709B /* Main.storyboard in Resources */,
			);
			runOnlyForDeploymentPostprocessing = 0;
		};
		C1AE311E2979404500E5709B /* Resources */ = {
			isa = PBXResourcesBuildPhase;
			buildActionMask = 2147483647;
			files = (
			);
			runOnlyForDeploymentPostprocessing = 0;
		};
		C1AE31282979404500E5709B /* Resources */ = {
			isa = PBXResourcesBuildPhase;
			buildActionMask = 2147483647;
			files = (
			);
			runOnlyForDeploymentPostprocessing = 0;
		};
/* End PBXResourcesBuildPhase section */

/* Begin PBXSourcesBuildPhase section */
		C1AE31062979404400E5709B /* Sources */ = {
			isa = PBXSourcesBuildPhase;
			buildActionMask = 2147483647;
			files = (
				C1AE31122979404400E5709B /* ViewController.swift in Sources */,
				C1AE310E2979404400E5709B /* AppDelegate.swift in Sources */,
				C1AE31102979404400E5709B /* SceneDelegate.swift in Sources */,
			);
			runOnlyForDeploymentPostprocessing = 0;
		};
		C1AE311C2979404500E5709B /* Sources */ = {
			isa = PBXSourcesBuildPhase;
			buildActionMask = 2147483647;
			files = (
				C1AE31252979404500E5709B /* PickerView_Kullanimi_2Tests.swift in Sources */,
			);
			runOnlyForDeploymentPostprocessing = 0;
		};
		C1AE31262979404500E5709B /* Sources */ = {
			isa = PBXSourcesBuildPhase;
			buildActionMask = 2147483647;
			files = (
				C1AE312F2979404500E5709B /* PickerView_Kullanimi_2UITests.swift in Sources */,
				C1AE31312979404500E5709B /* PickerView_Kullanimi_2UITestsLaunchTests.swift in Sources */,
			);
			runOnlyForDeploymentPostprocessing = 0;
		};
/* End PBXSourcesBuildPhase section */

/* Begin PBXTargetDependency section */
		C1AE31222979404500E5709B /* PBXTargetDependency */ = {
			isa = PBXTargetDependency;
			target = C1AE31092979404400E5709B /* PickerView Kullanimi-2 */;
			targetProxy = C1AE31212979404500E5709B /* PBXContainerItemProxy */;
		};
		C1AE312C2979404500E5709B /* PBXTargetDependency */ = {
			isa = PBXTargetDependency;
			target = C1AE31092979404400E5709B /* PickerView Kullanimi-2 */;
			targetProxy = C1AE312B2979404500E5709B /* PBXContainerItemProxy */;
		};
/* End PBXTargetDependency section */

/* Begin PBXVariantGroup section */
		C1AE31132979404400E5709B /* Main.storyboard */ = {
			isa = PBXVariantGroup;
			children = (
				C1AE31142979404400E5709B /* Base */,
			);
			name = Main.storyboard;
			sourceTree = "<group>";
		};
		C1AE31182979404500E5709B /* LaunchScreen.storyboard */ = {
			isa = PBXVariantGroup;
			children = (
				C1AE31192979404500E5709B /* Base */,
			);
			name = LaunchScreen.storyboard;
			sourceTree = "<group>";
		};
/* End PBXVariantGroup section */

/* Begin XCBuildConfiguration section */
		C1AE31322979404500E5709B /* Debug */ = {
			isa = XCBuildConfiguration;
			buildSettings = {
				ALWAYS_SEARCH_USER_PATHS = NO;
				CLANG_ANALYZER_NONNULL = YES;
				CLANG_ANALYZER_NUMBER_OBJECT_CONVERSION = YES_AGGRESSIVE;
				CLANG_CXX_LANGUAGE_STANDARD = "gnu++17";
				CLANG_ENABLE_MODULES = YES;
				CLANG_ENABLE_OBJC_ARC = YES;
				CLANG_ENABLE_OBJC_WEAK = YES;
				CLANG_WARN_BLOCK_CAPTURE_AUTORELEASING = YES;
				CLANG_WARN_BOOL_CONVERSION = YES;
				CLANG_WARN_COMMA = YES;
				CLANG_WARN_CONSTANT_CONVERSION = YES;
				CLANG_WARN_DEPRECATED_OBJC_IMPLEMENTATIONS = YES;
				CLANG_WARN_DIRECT_OBJC_ISA_USAGE = YES_ERROR;
				CLANG_WARN_DOCUMENTATION_COMMENTS = YES;
				CLANG_WARN_EMPTY_BODY = YES;
				CLANG_WARN_ENUM_CONVERSION = YES;
				CLANG_WARN_INFINITE_RECURSION = YES;
				CLANG_WARN_INT_CONVERSION = YES;
				CLANG_WARN_NON_LITERAL_NULL_CONVERSION = YES;
				CLANG_WARN_OBJC_IMPLICIT_RETAIN_SELF = YES;
				CLANG_WARN_OBJC_LITERAL_CONVERSION = YES;
				CLANG_WARN_OBJC_ROOT_CLASS = YES_ERROR;
				CLANG_WARN_QUOTED_INCLUDE_IN_FRAMEWORK_HEADER = YES;
				CLANG_WARN_RANGE_LOOP_ANALYSIS = YES;
				CLANG_WARN_STRICT_PROTOTYPES = YES;
				CLANG_WARN_SUSPICIOUS_MOVE = YES;
				CLANG_WARN_UNGUARDED_AVAILABILITY = YES_AGGRESSIVE;
				CLANG_WARN_UNREACHABLE_CODE = YES;
				CLANG_WARN__DUPLICATE_METHOD_MATCH = YES;
				COPY_PHASE_STRIP = NO;
				DEBUG_INFORMATION_FORMAT = dwarf;
				ENABLE_STRICT_OBJC_MSGSEND = YES;
				ENABLE_TESTABILITY = YES;
				GCC_C_LANGUAGE_STANDARD = gnu11;
				GCC_DYNAMIC_NO_PIC = NO;
				GCC_NO_COMMON_BLOCKS = YES;
				GCC_OPTIMIZATION_LEVEL = 0;
				GCC_PREPROCESSOR_DEFINITIONS = (
					"DEBUG=1",
					"$(inherited)",
				);
				GCC_WARN_64_TO_32_BIT_CONVERSION = YES;
				GCC_WARN_ABOUT_RETURN_TYPE = YES_ERROR;
				GCC_WARN_UNDECLARED_SELECTOR = YES;
				GCC_WARN_UNINITIALIZED_AUTOS = YES_AGGRESSIVE;
				GCC_WARN_UNUSED_FUNCTION = YES;
				GCC_WARN_UNUSED_VARIABLE = YES;
				IPHONEOS_DEPLOYMENT_TARGET = 15.5;
				MTL_ENABLE_DEBUG_INFO = INCLUDE_SOURCE;
				MTL_FAST_MATH = YES;
				ONLY_ACTIVE_ARCH = YES;
				SDKROOT = iphoneos;
				SWIFT_ACTIVE_COMPILATION_CONDITIONS = DEBUG;
				SWIFT_OPTIMIZATION_LEVEL = "-Onone";
			};
			name = Debug;
		};
		C1AE31332979404500E5709B /* Release */ = {
			isa = XCBuildConfiguration;
			buildSettings = {
				ALWAYS_SEARCH_USER_PATHS = NO;
				CLANG_ANALYZER_NONNULL = YES;
				CLANG_ANALYZER_NUMBER_OBJECT_CONVERSION = YES_AGGRESSIVE;
				CLANG_CXX_LANGUAGE_STANDARD = "gnu++17";
				CLANG_ENABLE_MODULES = YES;
				CLANG_ENABLE_OBJC_ARC = YES;
				CLANG_ENABLE_OBJC_WEAK = YES;
				CLANG_WARN_BLOCK_CAPTURE_AUTORELEASING = YES;
				CLANG_WARN_BOOL_CONVERSION = YES;
				CLANG_WARN_COMMA = YES;
				CLANG_WARN_CONSTANT_CONVERSION = YES;
				CLANG_WARN_DEPRECATED_OBJC_IMPLEMENTATIONS = YES;
				CLANG_WARN_DIRECT_OBJC_ISA_USAGE = YES_ERROR;
				CLANG_WARN_DOCUMENTATION_COMMENTS = YES;
				CLANG_WARN_EMPTY_BODY = YES;
				CLANG_WARN_ENUM_CONVERSION = YES;
				CLANG_WARN_INFINITE_RECURSION = YES;
				CLANG_WARN_INT_CONVERSION = YES;
				CLANG_WARN_NON_LITERAL_NULL_CONVERSION = YES;
				CLANG_WARN_OBJC_IMPLICIT_RETAIN_SELF = YES;
				CLANG_WARN_OBJC_LITERAL_CONVERSION = YES;
				CLANG_WARN_OBJC_ROOT_CLASS = YES_ERROR;
				CLANG_WARN_QUOTED_INCLUDE_IN_FRAMEWORK_HEADER = YES;
				CLANG_WARN_RANGE_LOOP_ANALYSIS = YES;
				CLANG_WARN_STRICT_PROTOTYPES = YES;
				CLANG_WARN_SUSPICIOUS_MOVE = YES;
				CLANG_WARN_UNGUARDED_AVAILABILITY = YES_AGGRESSIVE;
				CLANG_WARN_UNREACHABLE_CODE = YES;
				CLANG_WARN__DUPLICATE_METHOD_MATCH = YES;
				COPY_PHASE_STRIP = NO;
				DEBUG_INFORMATION_FORMAT = "dwarf-with-dsym";
				ENABLE_NS_ASSERTIONS = NO;
				ENABLE_STRICT_OBJC_MSGSEND = YES;
				GCC_C_LANGUAGE_STANDARD = gnu11;
				GCC_NO_COMMON_BLOCKS = YES;
				GCC_WARN_64_TO_32_BIT_CONVERSION = YES;
				GCC_WARN_ABOUT_RETURN_TYPE = YES_ERROR;
				GCC_WARN_UNDECLARED_SELECTOR = YES;
				GCC_WARN_UNINITIALIZED_AUTOS = YES_AGGRESSIVE;
				GCC_WARN_UNUSED_FUNCTION = YES;
				GCC_WARN_UNUSED_VARIABLE = YES;
				IPHONEOS_DEPLOYMENT_TARGET = 15.5;
				MTL_ENABLE_DEBUG_INFO = NO;
				MTL_FAST_MATH = YES;
				SDKROOT = iphoneos;
				SWIFT_COMPILATION_MODE = wholemodule;
				SWIFT_OPTIMIZATION_LEVEL = "-O";
				VALIDATE_PRODUCT = YES;
			};
			name = Release;
		};
		C1AE31352979404500E5709B /* Debug */ = {
			isa = XCBuildConfiguration;
			buildSettings = {
				ASSETCATALOG_COMPILER_APPICON_NAME = AppIcon;
				ASSETCATALOG_COMPILER_GLOBAL_ACCENT_COLOR_NAME = AccentColor;
				CODE_SIGN_STYLE = Automatic;
				CURRENT_PROJECT_VERSION = 1;
				DEVELOPMENT_TEAM = Q46P73G22N;
				GENERATE_INFOPLIST_FILE = YES;
				INFOPLIST_FILE = "PickerView Kullanimi-2/Info.plist";
				INFOPLIST_KEY_UIApplicationSupportsIndirectInputEvents = YES;
				INFOPLIST_KEY_UILaunchStoryboardName = LaunchScreen;
				INFOPLIST_KEY_UIMainStoryboardFile = Main;
				INFOPLIST_KEY_UISupportedInterfaceOrientations_iPad = "UIInterfaceOrientationPortrait UIInterfaceOrientationPortraitUpsideDown UIInterfaceOrientationLandscapeLeft UIInterfaceOrientationLandscapeRight";
				INFOPLIST_KEY_UISupportedInterfaceOrientations_iPhone = "UIInterfaceOrientationPortrait UIInterfaceOrientationLandscapeLeft UIInterfaceOrientationLandscapeRight";
				LD_RUNPATH_SEARCH_PATHS = (
					"$(inherited)",
					"@executable_path/Frameworks",
				);
				MARKETING_VERSION = 1.0;
				PRODUCT_BUNDLE_IDENTIFIER = "ademkoyan.PickerView-Kullanimi-2";
				PRODUCT_NAME = "$(TARGET_NAME)";
				SWIFT_EMIT_LOC_STRINGS = YES;
				SWIFT_VERSION = 5.0;
				TARGETED_DEVICE_FAMILY = "1,2";
			};
			name = Debug;
		};
		C1AE31362979404500E5709B /* Release */ = {
			isa = XCBuildConfiguration;
			buildSettings = {
				ASSETCATALOG_COMPILER_APPICON_NAME = AppIcon;
				ASSETCATALOG_COMPILER_GLOBAL_ACCENT_COLOR_NAME = AccentColor;
				CODE_SIGN_STYLE = Automatic;
				CURRENT_PROJECT_VERSION = 1;
				DEVELOPMENT_TEAM = Q46P73G22N;
				GENERATE_INFOPLIST_FILE = YES;
				INFOPLIST_FILE = "PickerView Kullanimi-2/Info.plist";
				INFOPLIST_KEY_UIApplicationSupportsIndirectInputEvents = YES;
				INFOPLIST_KEY_UILaunchStoryboardName = LaunchScreen;
				INFOPLIST_KEY_UIMainStoryboardFile = Main;
				INFOPLIST_KEY_UISupportedInterfaceOrientations_iPad = "UIInterfaceOrientationPortrait UIInterfaceOrientationPortraitUpsideDown UIInterfaceOrientationLandscapeLeft UIInterfaceOrientationLandscapeRight";
				INFOPLIST_KEY_UISupportedInterfaceOrientations_iPhone = "UIInterfaceOrientationPortrait UIInterfaceOrientationLandscapeLeft UIInterfaceOrientationLandscapeRight";
				LD_RUNPATH_SEARCH_PATHS = (
					"$(inherited)",
					"@executable_path/Frameworks",
				);
				MARKETING_VERSION = 1.0;
				PRODUCT_BUNDLE_IDENTIFIER = "ademkoyan.PickerView-Kullanimi-2";
				PRODUCT_NAME = "$(TARGET_NAME)";
				SWIFT_EMIT_LOC_STRINGS = YES;
				SWIFT_VERSION = 5.0;
				TARGETED_DEVICE_FAMILY = "1,2";
			};
			name = Release;
		};
		C1AE31382979404500E5709B /* Debug */ = {
			isa = XCBuildConfiguration;
			buildSettings = {
				ALWAYS_EMBED_SWIFT_STANDARD_LIBRARIES = YES;
				BUNDLE_LOADER = "$(TEST_HOST)";
				CODE_SIGN_STYLE = Automatic;
				CURRENT_PROJECT_VERSION = 1;
				DEVELOPMENT_TEAM = Q46P73G22N;
				GENERATE_INFOPLIST_FILE = YES;
				IPHONEOS_DEPLOYMENT_TARGET = 15.5;
				MARKETING_VERSION = 1.0;
				PRODUCT_BUNDLE_IDENTIFIER = "ademkoyan.PickerView-Kullanimi-2Tests";
				PRODUCT_NAME = "$(TARGET_NAME)";
				SWIFT_EMIT_LOC_STRINGS = NO;
				SWIFT_VERSION = 5.0;
				TARGETED_DEVICE_FAMILY = "1,2";
				TEST_HOST = "$(BUILT_PRODUCTS_DIR)/PickerView Kullanimi-2.app/PickerView Kullanimi-2";
			};
			name = Debug;
		};
		C1AE31392979404500E5709B /* Release */ = {
			isa = XCBuildConfiguration;
			buildSettings = {
				ALWAYS_EMBED_SWIFT_STANDARD_LIBRARIES = YES;
				BUNDLE_LOADER = "$(TEST_HOST)";
				CODE_SIGN_STYLE = Automatic;
				CURRENT_PROJECT_VERSION = 1;
				DEVELOPMENT_TEAM = Q46P73G22N;
				GENERATE_INFOPLIST_FILE = YES;
				IPHONEOS_DEPLOYMENT_TARGET = 15.5;
				MARKETING_VERSION = 1.0;
				PRODUCT_BUNDLE_IDENTIFIER = "ademkoyan.PickerView-Kullanimi-2Tests";
				PRODUCT_NAME = "$(TARGET_NAME)";
				SWIFT_EMIT_LOC_STRINGS = NO;
				SWIFT_VERSION = 5.0;
				TARGETED_DEVICE_FAMILY = "1,2";
				TEST_HOST = "$(BUILT_PRODUCTS_DIR)/PickerView Kullanimi-2.app/PickerView Kullanimi-2";
			};
			name = Release;
		};
		C1AE313B2979404500E5709B /* Debug */ = {
			isa = XCBuildConfiguration;
			buildSettings = {
				ALWAYS_EMBED_SWIFT_STANDARD_LIBRARIES = YES;
				CODE_SIGN_STYLE = Automatic;
				CURRENT_PROJECT_VERSION = 1;
				DEVELOPMENT_TEAM = Q46P73G22N;
				GENERATE_INFOPLIST_FILE = YES;
				MARKETING_VERSION = 1.0;
				PRODUCT_BUNDLE_IDENTIFIER = "ademkoyan.PickerView-Kullanimi-2UITests";
				PRODUCT_NAME = "$(TARGET_NAME)";
				SWIFT_EMIT_LOC_STRINGS = NO;
				SWIFT_VERSION = 5.0;
				TARGETED_DEVICE_FAMILY = "1,2";
				TEST_TARGET_NAME = "PickerView Kullanimi-2";
			};
			name = Debug;
		};
		C1AE313C2979404500E5709B /* Release */ = {
			isa = XCBuildConfiguration;
			buildSettings = {
				ALWAYS_EMBED_SWIFT_STANDARD_LIBRARIES = YES;
				CODE_SIGN_STYLE = Automatic;
				CURRENT_PROJECT_VERSION = 1;
				DEVELOPMENT_TEAM = Q46P73G22N;
				GENERATE_INFOPLIST_FILE = YES;
				MARKETING_VERSION = 1.0;
				PRODUCT_BUNDLE_IDENTIFIER = "ademkoyan.PickerView-Kullanimi-2UITests";
				PRODUCT_NAME = "$(TARGET_NAME)";
				SWIFT_EMIT_LOC_STRINGS = NO;
				SWIFT_VERSION = 5.0;
				TARGETED_DEVICE_FAMILY = "1,2";
				TEST_TARGET_NAME = "PickerView Kullanimi-2";
			};
			name = Release;
		};
/* End XCBuildConfiguration section */

/* Begin XCConfigurationList section */
		C1AE31052979404400E5709B /* Build configuration list for PBXProject "PickerView Kullanimi-2" */ = {
			isa = XCConfigurationList;
			buildConfigurations = (
				C1AE31322979404500E5709B /* Debug */,
				C1AE31332979404500E5709B /* Release */,
			);
			defaultConfigurationIsVisible = 0;
			defaultConfigurationName = Release;
		};
		C1AE31342979404500E5709B /* Build configuration list for PBXNativeTarget "PickerView Kullanimi-2" */ = {
			isa = XCConfigurationList;
			buildConfigurations = (
				C1AE31352979404500E5709B /* Debug */,
				C1AE31362979404500E5709B /* Release */,
			);
			defaultConfigurationIsVisible = 0;
			defaultConfigurationName = Release;
		};
		C1AE31372979404500E5709B /* Build configuration list for PBXNativeTarget "PickerView Kullanimi-2Tests" */ = {
			isa = XCConfigurationList;
			buildConfigurations = (
				C1AE31382979404500E5709B /* Debug */,
				C1AE31392979404500E5709B /* Release */,
			);
			defaultConfigurationIsVisible = 0;
			defaultConfigurationName = Release;
		};
		C1AE313A2979404500E5709B /* Build configuration list for PBXNativeTarget "PickerView Kullanimi-2UITests" */ = {
			isa = XCConfigurationList;
			buildConfigurations = (
				C1AE313B2979404500E5709B /* Debug */,
				C1AE313C2979404500E5709B /* Release */,
			);
			defaultConfigurationIsVisible = 0;
			defaultConfigurationName = Release;
		};
/* End XCConfigurationList section */
	};
	rootObject = C1AE31022979404400E5709B /* Project object */;
}
