// !$*UTF8*$!
{
	archiveVersion = 1;
	classes = {
	};
	objectVersion = 55;
	objects = {

/* Begin PBXBuildFile section */
		C101A778296D8FC5004E7E23 /* AppDelegate.swift in Sources */ = {isa = PBXBuildFile; fileRef = C101A777296D8FC5004E7E23 /* AppDelegate.swift */; };
		C101A77A296D8FC5004E7E23 /* SceneDelegate.swift in Sources */ = {isa = PBXBuildFile; fileRef = C101A779296D8FC5004E7E23 /* SceneDelegate.swift */; };
		C101A77C296D8FC5004E7E23 /* ViewController.swift in Sources */ = {isa = PBXBuildFile; fileRef = C101A77B296D8FC5004E7E23 /* ViewController.swift */; };
		C101A77F296D8FC5004E7E23 /* Main.storyboard in Resources */ = {isa = PBXBuildFile; fileRef = C101A77D296D8FC5004E7E23 /* Main.storyboard */; };
		C101A781296D8FC6004E7E23 /* Assets.xcassets in Resources */ = {isa = PBXBuildFile; fileRef = C101A780296D8FC6004E7E23 /* Assets.xcassets */; };
		C101A784296D8FC6004E7E23 /* LaunchScreen.storyboard in Resources */ = {isa = PBXBuildFile; fileRef = C101A782296D8FC6004E7E23 /* LaunchScreen.storyboard */; };
		C101A78F296D8FC6004E7E23 /* Deneme1Tests.swift in Sources */ = {isa = PBXBuildFile; fileRef = C101A78E296D8FC6004E7E23 /* Deneme1Tests.swift */; };
		C101A799296D8FC6004E7E23 /* Deneme1UITests.swift in Sources */ = {isa = PBXBuildFile; fileRef = C101A798296D8FC6004E7E23 /* Deneme1UITests.swift */; };
		C101A79B296D8FC6004E7E23 /* Deneme1UITestsLaunchTests.swift in Sources */ = {isa = PBXBuildFile; fileRef = C101A79A296D8FC6004E7E23 /* Deneme1UITestsLaunchTests.swift */; };
/* End PBXBuildFile section */

/* Begin PBXContainerItemProxy section */
		C101A78B296D8FC6004E7E23 /* PBXContainerItemProxy */ = {
			isa = PBXContainerItemProxy;
			containerPortal = C101A76C296D8FC5004E7E23 /* Project object */;
			proxyType = 1;
			remoteGlobalIDString = C101A773296D8FC5004E7E23;
			remoteInfo = Deneme1;
		};
		C101A795296D8FC6004E7E23 /* PBXContainerItemProxy */ = {
			isa = PBXContainerItemProxy;
			containerPortal = C101A76C296D8FC5004E7E23 /* Project object */;
			proxyType = 1;
			remoteGlobalIDString = C101A773296D8FC5004E7E23;
			remoteInfo = Deneme1;
		};
/* End PBXContainerItemProxy section */

/* Begin PBXFileReference section */
		C101A774296D8FC5004E7E23 /* Deneme1.app */ = {isa = PBXFileReference; explicitFileType = wrapper.application; includeInIndex = 0; path = Deneme1.app; sourceTree = BUILT_PRODUCTS_DIR; };
		C101A777296D8FC5004E7E23 /* AppDelegate.swift */ = {isa = PBXFileReference; lastKnownFileType = sourcecode.swift; path = AppDelegate.swift; sourceTree = "<group>"; };
		C101A779296D8FC5004E7E23 /* SceneDelegate.swift */ = {isa = PBXFileReference; lastKnownFileType = sourcecode.swift; path = SceneDelegate.swift; sourceTree = "<group>"; };
		C101A77B296D8FC5004E7E23 /* ViewController.swift */ = {isa = PBXFileReference; lastKnownFileType = sourcecode.swift; path = ViewController.swift; sourceTree = "<group>"; };
		C101A77E296D8FC5004E7E23 /* Base */ = {isa = PBXFileReference; lastKnownFileType = file.storyboard; name = Base; path = Base.lproj/Main.storyboard; sourceTree = "<group>"; };
		C101A780296D8FC6004E7E23 /* Assets.xcassets */ = {isa = PBXFileReference; lastKnownFileType = folder.assetcatalog; path = Assets.xcassets; sourceTree = "<group>"; };
		C101A783296D8FC6004E7E23 /* Base */ = {isa = PBXFileReference; lastKnownFileType = file.storyboard; name = Base; path = Base.lproj/LaunchScreen.storyboard; sourceTree = "<group>"; };
		C101A785296D8FC6004E7E23 /* Info.plist */ = {isa = PBXFileReference; lastKnownFileType = text.plist.xml; path = Info.plist; sourceTree = "<group>"; };
		C101A78A296D8FC6004E7E23 /* Deneme1Tests.xctest */ = {isa = PBXFileReference; explicitFileType = wrapper.cfbundle; includeInIndex = 0; path = Deneme1Tests.xctest; sourceTree = BUILT_PRODUCTS_DIR; };
		C101A78E296D8FC6004E7E23 /* Deneme1Tests.swift */ = {isa = PBXFileReference; lastKnownFileType = sourcecode.swift; path = Deneme1Tests.swift; sourceTree = "<group>"; };
		C101A794296D8FC6004E7E23 /* Deneme1UITests.xctest */ = {isa = PBXFileReference; explicitFileType = wrapper.cfbundle; includeInIndex = 0; path = Deneme1UITests.xctest; sourceTree = BUILT_PRODUCTS_DIR; };
		C101A798296D8FC6004E7E23 /* Deneme1UITests.swift */ = {isa = PBXFileReference; lastKnownFileType = sourcecode.swift; path = Deneme1UITests.swift; sourceTree = "<group>"; };
		C101A79A296D8FC6004E7E23 /* Deneme1UITestsLaunchTests.swift */ = {isa = PBXFileReference; lastKnownFileType = sourcecode.swift; path = Deneme1UITestsLaunchTests.swift; sourceTree = "<group>"; };
/* End PBXFileReference section */

/* Begin PBXFrameworksBuildPhase section */
		C101A771296D8FC5004E7E23 /* Frameworks */ = {
			isa = PBXFrameworksBuildPhase;
			buildActionMask = 2147483647;
			files = (
			);
			runOnlyForDeploymentPostprocessing = 0;
		};
		C101A787296D8FC6004E7E23 /* Frameworks */ = {
			isa = PBXFrameworksBuildPhase;
			buildActionMask = 2147483647;
			files = (
			);
			runOnlyForDeploymentPostprocessing = 0;
		};
		C101A791296D8FC6004E7E23 /* Frameworks */ = {
			isa = PBXFrameworksBuildPhase;
			buildActionMask = 2147483647;
			files = (
			);
			runOnlyForDeploymentPostprocessing = 0;
		};
/* End PBXFrameworksBuildPhase section */

/* Begin PBXGroup section */
		C101A76B296D8FC5004E7E23 = {
			isa = PBXGroup;
			children = (
				C101A776296D8FC5004E7E23 /* Deneme1 */,
				C101A78D296D8FC6004E7E23 /* Deneme1Tests */,
				C101A797296D8FC6004E7E23 /* Deneme1UITests */,
				C101A775296D8FC5004E7E23 /* Products */,
			);
			sourceTree = "<group>";
		};
		C101A775296D8FC5004E7E23 /* Products */ = {
			isa = PBXGroup;
			children = (
				C101A774296D8FC5004E7E23 /* Deneme1.app */,
				C101A78A296D8FC6004E7E23 /* Deneme1Tests.xctest */,
				C101A794296D8FC6004E7E23 /* Deneme1UITests.xctest */,
			);
			name = Products;
			sourceTree = "<group>";
		};
		C101A776296D8FC5004E7E23 /* Deneme1 */ = {
			isa = PBXGroup;
			children = (
				C101A777296D8FC5004E7E23 /* AppDelegate.swift */,
				C101A779296D8FC5004E7E23 /* SceneDelegate.swift */,
				C101A77B296D8FC5004E7E23 /* ViewController.swift */,
				C101A77D296D8FC5004E7E23 /* Main.storyboard */,
				C101A780296D8FC6004E7E23 /* Assets.xcassets */,
				C101A782296D8FC6004E7E23 /* LaunchScreen.storyboard */,
				C101A785296D8FC6004E7E23 /* Info.plist */,
			);
			path = Deneme1;
			sourceTree = "<group>";
		};
		C101A78D296D8FC6004E7E23 /* Deneme1Tests */ = {
			isa = PBXGroup;
			children = (
				C101A78E296D8FC6004E7E23 /* Deneme1Tests.swift */,
			);
			path = Deneme1Tests;
			sourceTree = "<group>";
		};
		C101A797296D8FC6004E7E23 /* Deneme1UITests */ = {
			isa = PBXGroup;
			children = (
				C101A798296D8FC6004E7E23 /* Deneme1UITests.swift */,
				C101A79A296D8FC6004E7E23 /* Deneme1UITestsLaunchTests.swift */,
			);
			path = Deneme1UITests;
			sourceTree = "<group>";
		};
/* End PBXGroup section */

/* Begin PBXNativeTarget section */
		C101A773296D8FC5004E7E23 /* Deneme1 */ = {
			isa = PBXNativeTarget;
			buildConfigurationList = C101A79E296D8FC6004E7E23 /* Build configuration list for PBXNativeTarget "Deneme1" */;
			buildPhases = (
				C101A770296D8FC5004E7E23 /* Sources */,
				C101A771296D8FC5004E7E23 /* Frameworks */,
				C101A772296D8FC5004E7E23 /* Resources */,
			);
			buildRules = (
			);
			dependencies = (
			);
			name = Deneme1;
			productName = Deneme1;
			productReference = C101A774296D8FC5004E7E23 /* Deneme1.app */;
			productType = "com.apple.product-type.application";
		};
		C101A789296D8FC6004E7E23 /* Deneme1Tests */ = {
			isa = PBXNativeTarget;
			buildConfigurationList = C101A7A1296D8FC6004E7E23 /* Build configuration list for PBXNativeTarget "Deneme1Tests" */;
			buildPhases = (
				C101A786296D8FC6004E7E23 /* Sources */,
				C101A787296D8FC6004E7E23 /* Frameworks */,
				C101A788296D8FC6004E7E23 /* Resources */,
			);
			buildRules = (
			);
			dependencies = (
				C101A78C296D8FC6004E7E23 /* PBXTargetDependency */,
			);
			name = Deneme1Tests;
			productName = Deneme1Tests;
			productReference = C101A78A296D8FC6004E7E23 /* Deneme1Tests.xctest */;
			productType = "com.apple.product-type.bundle.unit-test";
		};
		C101A793296D8FC6004E7E23 /* Deneme1UITests */ = {
			isa = PBXNativeTarget;
			buildConfigurationList = C101A7A4296D8FC6004E7E23 /* Build configuration list for PBXNativeTarget "Deneme1UITests" */;
			buildPhases = (
				C101A790296D8FC6004E7E23 /* Sources */,
				C101A791296D8FC6004E7E23 /* Frameworks */,
				C101A792296D8FC6004E7E23 /* Resources */,
			);
			buildRules = (
			);
			dependencies = (
				C101A796296D8FC6004E7E23 /* PBXTargetDependency */,
			);
			name = Deneme1UITests;
			productName = Deneme1UITests;
			productReference = C101A794296D8FC6004E7E23 /* Deneme1UITests.xctest */;
			productType = "com.apple.product-type.bundle.ui-testing";
		};
/* End PBXNativeTarget section */

/* Begin PBXProject section */
		C101A76C296D8FC5004E7E23 /* Project object */ = {
			isa = PBXProject;
			attributes = {
				BuildIndependentTargetsInParallel = 1;
				LastSwiftUpdateCheck = 1340;
				LastUpgradeCheck = 1340;
				TargetAttributes = {
					C101A773296D8FC5004E7E23 = {
						CreatedOnToolsVersion = 13.4.1;
					};
					C101A789296D8FC6004E7E23 = {
						CreatedOnToolsVersion = 13.4.1;
						TestTargetID = C101A773296D8FC5004E7E23;
					};
					C101A793296D8FC6004E7E23 = {
						CreatedOnToolsVersion = 13.4.1;
						TestTargetID = C101A773296D8FC5004E7E23;
					};
				};
			};
			buildConfigurationList = C101A76F296D8FC5004E7E23 /* Build configuration list for PBXProject "Deneme1" */;
			compatibilityVersion = "Xcode 13.0";
			developmentRegion = en;
			hasScannedForEncodings = 0;
			knownRegions = (
				en,
				Base,
			);
			mainGroup = C101A76B296D8FC5004E7E23;
			productRefGroup = C101A775296D8FC5004E7E23 /* Products */;
			projectDirPath = "";
			projectRoot = "";
			targets = (
				C101A773296D8FC5004E7E23 /* Deneme1 */,
				C101A789296D8FC6004E7E23 /* Deneme1Tests */,
				C101A793296D8FC6004E7E23 /* Deneme1UITests */,
			);
		};
/* End PBXProject section */

/* Begin PBXResourcesBuildPhase section */
		C101A772296D8FC5004E7E23 /* Resources */ = {
			isa = PBXResourcesBuildPhase;
			buildActionMask = 2147483647;
			files = (
				C101A784296D8FC6004E7E23 /* LaunchScreen.storyboard in Resources */,
				C101A781296D8FC6004E7E23 /* Assets.xcassets in Resources */,
				C101A77F296D8FC5004E7E23 /* Main.storyboard in Resources */,
			);
			runOnlyForDeploymentPostprocessing = 0;
		};
		C101A788296D8FC6004E7E23 /* Resources */ = {
			isa = PBXResourcesBuildPhase;
			buildActionMask = 2147483647;
			files = (
			);
			runOnlyForDeploymentPostprocessing = 0;
		};
		C101A792296D8FC6004E7E23 /* Resources */ = {
			isa = PBXResourcesBuildPhase;
			buildActionMask = 2147483647;
			files = (
			);
			runOnlyForDeploymentPostprocessing = 0;
		};
/* End PBXResourcesBuildPhase section */

/* Begin PBXSourcesBuildPhase section */
		C101A770296D8FC5004E7E23 /* Sources */ = {
			isa = PBXSourcesBuildPhase;
			buildActionMask = 2147483647;
			files = (
				C101A77C296D8FC5004E7E23 /* ViewController.swift in Sources */,
				C101A778296D8FC5004E7E23 /* AppDelegate.swift in Sources */,
				C101A77A296D8FC5004E7E23 /* SceneDelegate.swift in Sources */,
			);
			runOnlyForDeploymentPostprocessing = 0;
		};
		C101A786296D8FC6004E7E23 /* Sources */ = {
			isa = PBXSourcesBuildPhase;
			buildActionMask = 2147483647;
			files = (
				C101A78F296D8FC6004E7E23 /* Deneme1Tests.swift in Sources */,
			);
			runOnlyForDeploymentPostprocessing = 0;
		};
		C101A790296D8FC6004E7E23 /* Sources */ = {
			isa = PBXSourcesBuildPhase;
			buildActionMask = 2147483647;
			files = (
				C101A79B296D8FC6004E7E23 /* Deneme1UITestsLaunchTests.swift in Sources */,
				C101A799296D8FC6004E7E23 /* Deneme1UITests.swift in Sources */,
			);
			runOnlyForDeploymentPostprocessing = 0;
		};
/* End PBXSourcesBuildPhase section */

/* Begin PBXTargetDependency section */
		C101A78C296D8FC6004E7E23 /* PBXTargetDependency */ = {
			isa = PBXTargetDependency;
			target = C101A773296D8FC5004E7E23 /* Deneme1 */;
			targetProxy = C101A78B296D8FC6004E7E23 /* PBXContainerItemProxy */;
		};
		C101A796296D8FC6004E7E23 /* PBXTargetDependency */ = {
			isa = PBXTargetDependency;
			target = C101A773296D8FC5004E7E23 /* Deneme1 */;
			targetProxy = C101A795296D8FC6004E7E23 /* PBXContainerItemProxy */;
		};
/* End PBXTargetDependency section */

/* Begin PBXVariantGroup section */
		C101A77D296D8FC5004E7E23 /* Main.storyboard */ = {
			isa = PBXVariantGroup;
			children = (
				C101A77E296D8FC5004E7E23 /* Base */,
			);
			name = Main.storyboard;
			sourceTree = "<group>";
		};
		C101A782296D8FC6004E7E23 /* LaunchScreen.storyboard */ = {
			isa = PBXVariantGroup;
			children = (
				C101A783296D8FC6004E7E23 /* Base */,
			);
			name = LaunchScreen.storyboard;
			sourceTree = "<group>";
		};
/* End PBXVariantGroup section */

/* Begin XCBuildConfiguration section */
		C101A79C296D8FC6004E7E23 /* Debug */ = {
			isa = XCBuildConfiguration;
			buildSettings = {
				ALWAYS_SEARCH_USER_PATHS = NO;
				CLANG_ANALYZER_NONNULL = YES;
				CLANG_ANALYZER_NUMBER_OBJECT_CONVERSION = YES_AGGRESSIVE;
				CLANG_CXX_LANGUAGE_STANDARD = "gnu++17";
				CLANG_ENABLE_MODULES = YES;
				CLANG_ENABLE_OBJC_ARC = YES;
				CLANG_ENABLE_OBJC_WEAK = YES;
				CLANG_WARN_BLOCK_CAPTURE_AUTORELEASING = YES;
				CLANG_WARN_BOOL_CONVERSION = YES;
				CLANG_WARN_COMMA = YES;
				CLANG_WARN_CONSTANT_CONVERSION = YES;
				CLANG_WARN_DEPRECATED_OBJC_IMPLEMENTATIONS = YES;
				CLANG_WARN_DIRECT_OBJC_ISA_USAGE = YES_ERROR;
				CLANG_WARN_DOCUMENTATION_COMMENTS = YES;
				CLANG_WARN_EMPTY_BODY = YES;
				CLANG_WARN_ENUM_CONVERSION = YES;
				CLANG_WARN_INFINITE_RECURSION = YES;
				CLANG_WARN_INT_CONVERSION = YES;
				CLANG_WARN_NON_LITERAL_NULL_CONVERSION = YES;
				CLANG_WARN_OBJC_IMPLICIT_RETAIN_SELF = YES;
				CLANG_WARN_OBJC_LITERAL_CONVERSION = YES;
				CLANG_WARN_OBJC_ROOT_CLASS = YES_ERROR;
				CLANG_WARN_QUOTED_INCLUDE_IN_FRAMEWORK_HEADER = YES;
				CLANG_WARN_RANGE_LOOP_ANALYSIS = YES;
				CLANG_WARN_STRICT_PROTOTYPES = YES;
				CLANG_WARN_SUSPICIOUS_MOVE = YES;
				CLANG_WARN_UNGUARDED_AVAILABILITY = YES_AGGRESSIVE;
				CLANG_WARN_UNREACHABLE_CODE = YES;
				CLANG_WARN__DUPLICATE_METHOD_MATCH = YES;
				COPY_PHASE_STRIP = NO;
				DEBUG_INFORMATION_FORMAT = dwarf;
				ENABLE_STRICT_OBJC_MSGSEND = YES;
				ENABLE_TESTABILITY = YES;
				GCC_C_LANGUAGE_STANDARD = gnu11;
				GCC_DYNAMIC_NO_PIC = NO;
				GCC_NO_COMMON_BLOCKS = YES;
				GCC_OPTIMIZATION_LEVEL = 0;
				GCC_PREPROCESSOR_DEFINITIONS = (
					"DEBUG=1",
					"$(inherited)",
				);
				GCC_WARN_64_TO_32_BIT_CONVERSION = YES;
				GCC_WARN_ABOUT_RETURN_TYPE = YES_ERROR;
				GCC_WARN_UNDECLARED_SELECTOR = YES;
				GCC_WARN_UNINITIALIZED_AUTOS = YES_AGGRESSIVE;
				GCC_WARN_UNUSED_FUNCTION = YES;
				GCC_WARN_UNUSED_VARIABLE = YES;
				IPHONEOS_DEPLOYMENT_TARGET = 15.5;
				MTL_ENABLE_DEBUG_INFO = INCLUDE_SOURCE;
				MTL_FAST_MATH = YES;
				ONLY_ACTIVE_ARCH = YES;
				SDKROOT = iphoneos;
				SWIFT_ACTIVE_COMPILATION_CONDITIONS = DEBUG;
				SWIFT_OPTIMIZATION_LEVEL = "-Onone";
			};
			name = Debug;
		};
		C101A79D296D8FC6004E7E23 /* Release */ = {
			isa = XCBuildConfiguration;
			buildSettings = {
				ALWAYS_SEARCH_USER_PATHS = NO;
				CLANG_ANALYZER_NONNULL = YES;
				CLANG_ANALYZER_NUMBER_OBJECT_CONVERSION = YES_AGGRESSIVE;
				CLANG_CXX_LANGUAGE_STANDARD = "gnu++17";
				CLANG_ENABLE_MODULES = YES;
				CLANG_ENABLE_OBJC_ARC = YES;
				CLANG_ENABLE_OBJC_WEAK = YES;
				CLANG_WARN_BLOCK_CAPTURE_AUTORELEASING = YES;
				CLANG_WARN_BOOL_CONVERSION = YES;
				CLANG_WARN_COMMA = YES;
				CLANG_WARN_CONSTANT_CONVERSION = YES;
				CLANG_WARN_DEPRECATED_OBJC_IMPLEMENTATIONS = YES;
				CLANG_WARN_DIRECT_OBJC_ISA_USAGE = YES_ERROR;
				CLANG_WARN_DOCUMENTATION_COMMENTS = YES;
				CLANG_WARN_EMPTY_BODY = YES;
				CLANG_WARN_ENUM_CONVERSION = YES;
				CLANG_WARN_INFINITE_RECURSION = YES;
				CLANG_WARN_INT_CONVERSION = YES;
				CLANG_WARN_NON_LITERAL_NULL_CONVERSION = YES;
				CLANG_WARN_OBJC_IMPLICIT_RETAIN_SELF = YES;
				CLANG_WARN_OBJC_LITERAL_CONVERSION = YES;
				CLANG_WARN_OBJC_ROOT_CLASS = YES_ERROR;
				CLANG_WARN_QUOTED_INCLUDE_IN_FRAMEWORK_HEADER = YES;
				CLANG_WARN_RANGE_LOOP_ANALYSIS = YES;
				CLANG_WARN_STRICT_PROTOTYPES = YES;
				CLANG_WARN_SUSPICIOUS_MOVE = YES;
				CLANG_WARN_UNGUARDED_AVAILABILITY = YES_AGGRESSIVE;
				CLANG_WARN_UNREACHABLE_CODE = YES;
				CLANG_WARN__DUPLICATE_METHOD_MATCH = YES;
				COPY_PHASE_STRIP = NO;
				DEBUG_INFORMATION_FORMAT = "dwarf-with-dsym";
				ENABLE_NS_ASSERTIONS = NO;
				ENABLE_STRICT_OBJC_MSGSEND = YES;
				GCC_C_LANGUAGE_STANDARD = gnu11;
				GCC_NO_COMMON_BLOCKS = YES;
				GCC_WARN_64_TO_32_BIT_CONVERSION = YES;
				GCC_WARN_ABOUT_RETURN_TYPE = YES_ERROR;
				GCC_WARN_UNDECLARED_SELECTOR = YES;
				GCC_WARN_UNINITIALIZED_AUTOS = YES_AGGRESSIVE;
				GCC_WARN_UNUSED_FUNCTION = YES;
				GCC_WARN_UNUSED_VARIABLE = YES;
				IPHONEOS_DEPLOYMENT_TARGET = 15.5;
				MTL_ENABLE_DEBUG_INFO = NO;
				MTL_FAST_MATH = YES;
				SDKROOT = iphoneos;
				SWIFT_COMPILATION_MODE = wholemodule;
				SWIFT_OPTIMIZATION_LEVEL = "-O";
				VALIDATE_PRODUCT = YES;
			};
			name = Release;
		};
		C101A79F296D8FC6004E7E23 /* Debug */ = {
			isa = XCBuildConfiguration;
			buildSettings = {
				ASSETCATALOG_COMPILER_APPICON_NAME = AppIcon;
				ASSETCATALOG_COMPILER_GLOBAL_ACCENT_COLOR_NAME = AccentColor;
				CODE_SIGN_STYLE = Automatic;
				CURRENT_PROJECT_VERSION = 1;
				DEVELOPMENT_TEAM = Q46P73G22N;
				GENERATE_INFOPLIST_FILE = YES;
				INFOPLIST_FILE = Deneme1/Info.plist;
				INFOPLIST_KEY_UIApplicationSupportsIndirectInputEvents = YES;
				INFOPLIST_KEY_UILaunchStoryboardName = LaunchScreen;
				INFOPLIST_KEY_UIMainStoryboardFile = Main;
				INFOPLIST_KEY_UISupportedInterfaceOrientations_iPad = "UIInterfaceOrientationPortrait UIInterfaceOrientationPortraitUpsideDown UIInterfaceOrientationLandscapeLeft UIInterfaceOrientationLandscapeRight";
				INFOPLIST_KEY_UISupportedInterfaceOrientations_iPhone = "UIInterfaceOrientationPortrait UIInterfaceOrientationLandscapeLeft UIInterfaceOrientationLandscapeRight";
				LD_RUNPATH_SEARCH_PATHS = (
					"$(inherited)",
					"@executable_path/Frameworks",
				);
				MARKETING_VERSION = 1.0;
				PRODUCT_BUNDLE_IDENTIFIER = ademkoyan.Deneme1;
				PRODUCT_NAME = "$(TARGET_NAME)";
				SWIFT_EMIT_LOC_STRINGS = YES;
				SWIFT_VERSION = 5.0;
				TARGETED_DEVICE_FAMILY = "1,2";
			};
			name = Debug;
		};
		C101A7A0296D8FC6004E7E23 /* Release */ = {
			isa = XCBuildConfiguration;
			buildSettings = {
				ASSETCATALOG_COMPILER_APPICON_NAME = AppIcon;
				ASSETCATALOG_COMPILER_GLOBAL_ACCENT_COLOR_NAME = AccentColor;
				CODE_SIGN_STYLE = Automatic;
				CURRENT_PROJECT_VERSION = 1;
				DEVELOPMENT_TEAM = Q46P73G22N;
				GENERATE_INFOPLIST_FILE = YES;
				INFOPLIST_FILE = Deneme1/Info.plist;
				INFOPLIST_KEY_UIApplicationSupportsIndirectInputEvents = YES;
				INFOPLIST_KEY_UILaunchStoryboardName = LaunchScreen;
				INFOPLIST_KEY_UIMainStoryboardFile = Main;
				INFOPLIST_KEY_UISupportedInterfaceOrientations_iPad = "UIInterfaceOrientationPortrait UIInterfaceOrientationPortraitUpsideDown UIInterfaceOrientationLandscapeLeft UIInterfaceOrientationLandscapeRight";
				INFOPLIST_KEY_UISupportedInterfaceOrientations_iPhone = "UIInterfaceOrientationPortrait UIInterfaceOrientationLandscapeLeft UIInterfaceOrientationLandscapeRight";
				LD_RUNPATH_SEARCH_PATHS = (
					"$(inherited)",
					"@executable_path/Frameworks",
				);
				MARKETING_VERSION = 1.0;
				PRODUCT_BUNDLE_IDENTIFIER = ademkoyan.Deneme1;
				PRODUCT_NAME = "$(TARGET_NAME)";
				SWIFT_EMIT_LOC_STRINGS = YES;
				SWIFT_VERSION = 5.0;
				TARGETED_DEVICE_FAMILY = "1,2";
			};
			name = Release;
		};
		C101A7A2296D8FC6004E7E23 /* Debug */ = {
			isa = XCBuildConfiguration;
			buildSettings = {
				ALWAYS_EMBED_SWIFT_STANDARD_LIBRARIES = YES;
				BUNDLE_LOADER = "$(TEST_HOST)";
				CODE_SIGN_STYLE = Automatic;
				CURRENT_PROJECT_VERSION = 1;
				DEVELOPMENT_TEAM = Q46P73G22N;
				GENERATE_INFOPLIST_FILE = YES;
				IPHONEOS_DEPLOYMENT_TARGET = 15.5;
				MARKETING_VERSION = 1.0;
				PRODUCT_BUNDLE_IDENTIFIER = ademkoyan.Deneme1Tests;
				PRODUCT_NAME = "$(TARGET_NAME)";
				SWIFT_EMIT_LOC_STRINGS = NO;
				SWIFT_VERSION = 5.0;
				TARGETED_DEVICE_FAMILY = "1,2";
				TEST_HOST = "$(BUILT_PRODUCTS_DIR)/Deneme1.app/Deneme1";
			};
			name = Debug;
		};
		C101A7A3296D8FC6004E7E23 /* Release */ = {
			isa = XCBuildConfiguration;
			buildSettings = {
				ALWAYS_EMBED_SWIFT_STANDARD_LIBRARIES = YES;
				BUNDLE_LOADER = "$(TEST_HOST)";
				CODE_SIGN_STYLE = Automatic;
				CURRENT_PROJECT_VERSION = 1;
				DEVELOPMENT_TEAM = Q46P73G22N;
				GENERATE_INFOPLIST_FILE = YES;
				IPHONEOS_DEPLOYMENT_TARGET = 15.5;
				MARKETING_VERSION = 1.0;
				PRODUCT_BUNDLE_IDENTIFIER = ademkoyan.Deneme1Tests;
				PRODUCT_NAME = "$(TARGET_NAME)";
				SWIFT_EMIT_LOC_STRINGS = NO;
				SWIFT_VERSION = 5.0;
				TARGETED_DEVICE_FAMILY = "1,2";
				TEST_HOST = "$(BUILT_PRODUCTS_DIR)/Deneme1.app/Deneme1";
			};
			name = Release;
		};
		C101A7A5296D8FC6004E7E23 /* Debug */ = {
			isa = XCBuildConfiguration;
			buildSettings = {
				ALWAYS_EMBED_SWIFT_STANDARD_LIBRARIES = YES;
				CODE_SIGN_STYLE = Automatic;
				CURRENT_PROJECT_VERSION = 1;
				DEVELOPMENT_TEAM = Q46P73G22N;
				GENERATE_INFOPLIST_FILE = YES;
				MARKETING_VERSION = 1.0;
				PRODUCT_BUNDLE_IDENTIFIER = ademkoyan.Deneme1UITests;
				PRODUCT_NAME = "$(TARGET_NAME)";
				SWIFT_EMIT_LOC_STRINGS = NO;
				SWIFT_VERSION = 5.0;
				TARGETED_DEVICE_FAMILY = "1,2";
				TEST_TARGET_NAME = Deneme1;
			};
			name = Debug;
		};
		C101A7A6296D8FC6004E7E23 /* Release */ = {
			isa = XCBuildConfiguration;
			buildSettings = {
				ALWAYS_EMBED_SWIFT_STANDARD_LIBRARIES = YES;
				CODE_SIGN_STYLE = Automatic;
				CURRENT_PROJECT_VERSION = 1;
				DEVELOPMENT_TEAM = Q46P73G22N;
				GENERATE_INFOPLIST_FILE = YES;
				MARKETING_VERSION = 1.0;
				PRODUCT_BUNDLE_IDENTIFIER = ademkoyan.Deneme1UITests;
				PRODUCT_NAME = "$(TARGET_NAME)";
				SWIFT_EMIT_LOC_STRINGS = NO;
				SWIFT_VERSION = 5.0;
				TARGETED_DEVICE_FAMILY = "1,2";
				TEST_TARGET_NAME = Deneme1;
			};
			name = Release;
		};
/* End XCBuildConfiguration section */

/* Begin XCConfigurationList section */
		C101A76F296D8FC5004E7E23 /* Build configuration list for PBXProject "Deneme1" */ = {
			isa = XCConfigurationList;
			buildConfigurations = (
				C101A79C296D8FC6004E7E23 /* Debug */,
				C101A79D296D8FC6004E7E23 /* Release */,
			);
			defaultConfigurationIsVisible = 0;
			defaultConfigurationName = Release;
		};
		C101A79E296D8FC6004E7E23 /* Build configuration list for PBXNativeTarget "Deneme1" */ = {
			isa = XCConfigurationList;
			buildConfigurations = (
				C101A79F296D8FC6004E7E23 /* Debug */,
				C101A7A0296D8FC6004E7E23 /* Release */,
			);
			defaultConfigurationIsVisible = 0;
			defaultConfigurationName = Release;
		};
		C101A7A1296D8FC6004E7E23 /* Build configuration list for PBXNativeTarget "Deneme1Tests" */ = {
			isa = XCConfigurationList;
			buildConfigurations = (
				C101A7A2296D8FC6004E7E23 /* Debug */,
				C101A7A3296D8FC6004E7E23 /* Release */,
			);
			defaultConfigurationIsVisible = 0;
			defaultConfigurationName = Release;
		};
		C101A7A4296D8FC6004E7E23 /* Build configuration list for PBXNativeTarget "Deneme1UITests" */ = {
			isa = XCConfigurationList;
			buildConfigurations = (
				C101A7A5296D8FC6004E7E23 /* Debug */,
				C101A7A6296D8FC6004E7E23 /* Release */,
			);
			defaultConfigurationIsVisible = 0;
			defaultConfigurationName = Release;
		};
/* End XCConfigurationList section */
	};
	rootObject = C101A76C296D8FC5004E7E23 /* Project object */;
}
